
Microsoft Visual Studio Solution File, Format Version 12.00
# Visual Studio Version 16
VisualStudioVersion = 16.6.30114.105
MinimumVisualStudioVersion = 10.0.40219.1
Project("{9A19103F-16F7-4668-BE54-9A1E7A4F7556}") = "R5T.T0045.Construction", "R5T.T0045.Construction\R5T.T0045.Construction.csproj", "{5A28E8F3-EFE3-4F39-ABCE-8390DB605326}"
EndProject
Project("{9A19103F-16F7-4668-BE54-9A1E7A4F7556}") = "R5T.T0045", "R5T.T0045\R5T.T0045.csproj", "{E8ACA087-AC84-48D3-B2FC-105E8CC45E08}"
EndProject
Project("{2150E333-8FDC-42A3-9474-1A3956D46DE8}") = "_Dependencies", "_Dependencies", "{4E90B50C-03D6-4BCF-9B87-8FC1E7EAC961}"
EndProject
Project("{9A19103F-16F7-4668-BE54-9A1E7A4F7556}") = "R5T.T0039.T002", "..\..\R5T.T0039\source\R5T.T0039.T002\R5T.T0039.T002.csproj", "{BEBCEDF8-A0C4-45C0-B6B1-21A4E6B25E0B}"
EndProject
Project("{FAE04EC0-301F-11D3-BF4B-00C04F79EFBC}") = "R5T.T0045.X001", "R5T.T0045.X001\R5T.T0045.X001.csproj", "{32FB3B89-1A80-4891-B056-82AB0B4661F5}"
EndProject
Project("{FAE04EC0-301F-11D3-BF4B-00C04F79EFBC}") = "R5T.T0045.X000", "R5T.T0045.X000\R5T.T0045.X000.csproj", "{BA53711F-6897-4892-84D9-91CE13B0B831}"
EndProject
Project("{FAE04EC0-301F-11D3-BF4B-00C04F79EFBC}") = "R5T.T0045.X002", "R5T.T0045.X002\R5T.T0045.X002.csproj", "{8B5DE430-798B-4C12-B1A6-315DDA37162D}"
EndProject
Global
	GlobalSection(SolutionConfigurationPlatforms) = preSolution
		Debug|Any CPU = Debug|Any CPU
		Debug|x64 = Debug|x64
		Debug|x86 = Debug|x86
		Release|Any CPU = Release|Any CPU
		Release|x64 = Release|x64
		Release|x86 = Release|x86
	EndGlobalSection
	GlobalSection(ProjectConfigurationPlatforms) = postSolution
		{5A28E8F3-EFE3-4F39-ABCE-8390DB605326}.Debug|Any CPU.ActiveCfg = Debug|Any CPU
		{5A28E8F3-EFE3-4F39-ABCE-8390DB605326}.Debug|Any CPU.Build.0 = Debug|Any CPU
		{5A28E8F3-EFE3-4F39-ABCE-8390DB605326}.Debug|x64.ActiveCfg = Debug|Any CPU
		{5A28E8F3-EFE3-4F39-ABCE-8390DB605326}.Debug|x64.Build.0 = Debug|Any CPU
		{5A28E8F3-EFE3-4F39-ABCE-8390DB605326}.Debug|x86.ActiveCfg = Debug|Any CPU
		{5A28E8F3-EFE3-4F39-ABCE-8390DB605326}.Debug|x86.Build.0 = Debug|Any CPU
		{5A28E8F3-EFE3-4F39-ABCE-8390DB605326}.Release|Any CPU.ActiveCfg = Release|Any CPU
		{5A28E8F3-EFE3-4F39-ABCE-8390DB605326}.Release|Any CPU.Build.0 = Release|Any CPU
		{5A28E8F3-EFE3-4F39-ABCE-8390DB605326}.Release|x64.ActiveCfg = Release|Any CPU
		{5A28E8F3-EFE3-4F39-ABCE-8390DB605326}.Release|x64.Build.0 = Release|Any CPU
		{5A28E8F3-EFE3-4F39-ABCE-8390DB605326}.Release|x86.ActiveCfg = Release|Any CPU
		{5A28E8F3-EFE3-4F39-ABCE-8390DB605326}.Release|x86.Build.0 = Release|Any CPU
		{E8ACA087-AC84-48D3-B2FC-105E8CC45E08}.Debug|Any CPU.ActiveCfg = Debug|Any CPU
		{E8ACA087-AC84-48D3-B2FC-105E8CC45E08}.Debug|Any CPU.Build.0 = Debug|Any CPU
		{E8ACA087-AC84-48D3-B2FC-105E8CC45E08}.Debug|x64.ActiveCfg = Debug|Any CPU
		{E8ACA087-AC84-48D3-B2FC-105E8CC45E08}.Debug|x64.Build.0 = Debug|Any CPU
		{E8ACA087-AC84-48D3-B2FC-105E8CC45E08}.Debug|x86.ActiveCfg = Debug|Any CPU
		{E8ACA087-AC84-48D3-B2FC-105E8CC45E08}.Debug|x86.Build.0 = Debug|Any CPU
		{E8ACA087-AC84-48D3-B2FC-105E8CC45E08}.Release|Any CPU.ActiveCfg = Release|Any CPU
		{E8ACA087-AC84-48D3-B2FC-105E8CC45E08}.Release|Any CPU.Build.0 = Release|Any CPU
		{E8ACA087-AC84-48D3-B2FC-105E8CC45E08}.Release|x64.ActiveCfg = Release|Any CPU
		{E8ACA087-AC84-48D3-B2FC-105E8CC45E08}.Release|x64.Build.0 = Release|Any CPU
		{E8ACA087-AC84-48D3-B2FC-105E8CC45E08}.Release|x86.ActiveCfg = Release|Any CPU
		{E8ACA087-AC84-48D3-B2FC-105E8CC45E08}.Release|x86.Build.0 = Release|Any CPU
		{BEBCEDF8-A0C4-45C0-B6B1-21A4E6B25E0B}.Debug|Any CPU.ActiveCfg = Debug|Any CPU
		{BEBCEDF8-A0C4-45C0-B6B1-21A4E6B25E0B}.Debug|Any CPU.Build.0 = Debug|Any CPU
		{BEBCEDF8-A0C4-45C0-B6B1-21A4E6B25E0B}.Debug|x64.ActiveCfg = Debug|Any CPU
		{BEBCEDF8-A0C4-45C0-B6B1-21A4E6B25E0B}.Debug|x64.Build.0 = Debug|Any CPU
		{BEBCEDF8-A0C4-45C0-B6B1-21A4E6B25E0B}.Debug|x86.ActiveCfg = Debug|Any CPU
		{BEBCEDF8-A0C4-45C0-B6B1-21A4E6B25E0B}.Debug|x86.Build.0 = Debug|Any CPU
		{BEBCEDF8-A0C4-45C0-B6B1-21A4E6B25E0B}.Release|Any CPU.ActiveCfg = Release|Any CPU
		{BEBCEDF8-A0C4-45C0-B6B1-21A4E6B25E0B}.Release|Any CPU.Build.0 = Release|Any CPU
		{BEBCEDF8-A0C4-45C0-B6B1-21A4E6B25E0B}.Release|x64.ActiveCfg = Release|Any CPU
		{BEBCEDF8-A0C4-45C0-B6B1-21A4E6B25E0B}.Release|x64.Build.0 = Release|Any CPU
		{BEBCEDF8-A0C4-45C0-B6B1-21A4E6B25E0B}.Release|x86.ActiveCfg = Release|Any CPU
		{BEBCEDF8-A0C4-45C0-B6B1-21A4E6B25E0B}.Release|x86.Build.0 = Release|Any CPU
		{32FB3B89-1A80-4891-B056-82AB0B4661F5}.Debug|Any CPU.ActiveCfg = Debug|Any CPU
		{32FB3B89-1A80-4891-B056-82AB0B4661F5}.Debug|Any CPU.Build.0 = Debug|Any CPU
		{32FB3B89-1A80-4891-B056-82AB0B4661F5}.Debug|x64.ActiveCfg = Debug|Any CPU
		{32FB3B89-1A80-4891-B056-82AB0B4661F5}.Debug|x64.Build.0 = Debug|Any CPU
		{32FB3B89-1A80-4891-B056-82AB0B4661F5}.Debug|x86.ActiveCfg = Debug|Any CPU
		{32FB3B89-1A80-4891-B056-82AB0B4661F5}.Debug|x86.Build.0 = Debug|Any CPU
		{32FB3B89-1A80-4891-B056-82AB0B4661F5}.Release|Any CPU.ActiveCfg = Release|Any CPU
		{32FB3B89-1A80-4891-B056-82AB0B4661F5}.Release|Any CPU.Build.0 = Release|Any CPU
		{32FB3B89-1A80-4891-B056-82AB0B4661F5}.Release|x64.ActiveCfg = Release|Any CPU
		{32FB3B89-1A80-4891-B056-82AB0B4661F5}.Release|x64.Build.0 = Release|Any CPU
		{32FB3B89-1A80-4891-B056-82AB0B4661F5}.Release|x86.ActiveCfg = Release|Any CPU
		{32FB3B89-1A80-4891-B056-82AB0B4661F5}.Release|x86.Build.0 = Release|Any CPU
		{BA53711F-6897-4892-84D9-91CE13B0B831}.Debug|Any CPU.ActiveCfg = Debug|Any CPU
		{BA53711F-6897-4892-84D9-91CE13B0B831}.Debug|Any CPU.Build.0 = Debug|Any CPU
		{BA53711F-6897-4892-84D9-91CE13B0B831}.Debug|x64.ActiveCfg = Debug|Any CPU
		{BA53711F-6897-4892-84D9-91CE13B0B831}.Debug|x64.Build.0 = Debug|Any CPU
		{BA53711F-6897-4892-84D9-91CE13B0B831}.Debug|x86.ActiveCfg = Debug|Any CPU
		{BA53711F-6897-4892-84D9-91CE13B0B831}.Debug|x86.Build.0 = Debug|Any CPU
		{BA53711F-6897-4892-84D9-91CE13B0B831}.Release|Any CPU.ActiveCfg = Release|Any CPU
		{BA53711F-6897-4892-84D9-91CE13B0B831}.Release|Any CPU.Build.0 = Release|Any CPU
		{BA53711F-6897-4892-84D9-91CE13B0B831}.Release|x64.ActiveCfg = Release|Any CPU
		{BA53711F-6897-4892-84D9-91CE13B0B831}.Release|x64.Build.0 = Release|Any CPU
		{BA53711F-6897-4892-84D9-91CE13B0B831}.Release|x86.ActiveCfg = Release|Any CPU
		{BA53711F-6897-4892-84D9-91CE13B0B831}.Release|x86.Build.0 = Release|Any CPU
		{8B5DE430-798B-4C12-B1A6-315DDA37162D}.Debug|Any CPU.ActiveCfg = Debug|Any CPU
		{8B5DE430-798B-4C12-B1A6-315DDA37162D}.Debug|Any CPU.Build.0 = Debug|Any CPU
		{8B5DE430-798B-4C12-B1A6-315DDA37162D}.Debug|x64.ActiveCfg = Debug|Any CPU
		{8B5DE430-798B-4C12-B1A6-315DDA37162D}.Debug|x64.Build.0 = Debug|Any CPU
		{8B5DE430-798B-4C12-B1A6-315DDA37162D}.Debug|x86.ActiveCfg = Debug|Any CPU
		{8B5DE430-798B-4C12-B1A6-315DDA37162D}.Debug|x86.Build.0 = Debug|Any CPU
		{8B5DE430-798B-4C12-B1A6-315DDA37162D}.Release|Any CPU.ActiveCfg = Release|Any CPU
		{8B5DE430-798B-4C12-B1A6-315DDA37162D}.Release|Any CPU.Build.0 = Release|Any CPU
		{8B5DE430-798B-4C12-B1A6-315DDA37162D}.Release|x64.ActiveCfg = Release|Any CPU
		{8B5DE430-798B-4C12-B1A6-315DDA37162D}.Release|x64.Build.0 = Release|Any CPU
		{8B5DE430-798B-4C12-B1A6-315DDA37162D}.Release|x86.ActiveCfg = Release|Any CPU
		{8B5DE430-798B-4C12-B1A6-315DDA37162D}.Release|x86.Build.0 = Release|Any CPU
	EndGlobalSection
	GlobalSection(SolutionProperties) = preSolution
		HideSolutionNode = FALSE
	EndGlobalSection
	GlobalSection(NestedProjects) = preSolution
		{BEBCEDF8-A0C4-45C0-B6B1-21A4E6B25E0B} = {4E90B50C-03D6-4BCF-9B87-8FC1E7EAC961}
	EndGlobalSection
	GlobalSection(ExtensibilityGlobals) = postSolution
		SolutionGuid = {231DF32A-7A5E-4A3C-B277-2247530B850B}
	EndGlobalSection
EndGlobal
