
Microsoft Visual Studio Solution File, Format Version 12.00
# Visual Studio Version 16
VisualStudioVersion = 16.6.30114.105
MinimumVisualStudioVersion = 10.0.40219.1
Project("{FAE04EC0-301F-11D3-BF4B-00C04F79EFBC}") = "R5T.T0045.Construction", "R5T.T0045.Construction\R5T.T0045.Construction.csproj", "{5A28E8F3-EFE3-4F39-ABCE-8390DB605326}"
EndProject
Project("{FAE04EC0-301F-11D3-BF4B-00C04F79EFBC}") = "R5T.T0045", "R5T.T0045\R5T.T0045.csproj", "{E8ACA087-AC84-48D3-B2FC-105E8CC45E08}"
EndProject
Global
	GlobalSection(SolutionConfigurationPlatforms) = preSolution
		Debug|Any CPU = Debug|Any CPU
		Debug|x64 = Debug|x64
		Debug|x86 = Debug|x86
		Release|Any CPU = Release|Any CPU
		Release|x64 = Release|x64
		Release|x86 = Release|x86
	EndGlobalSection
	GlobalSection(SolutionProperties) = preSolution
		HideSolutionNode = FALSE
	EndGlobalSection
	GlobalSection(ProjectConfigurationPlatforms) = postSolution
		{5A28E8F3-EFE3-4F39-ABCE-8390DB605326}.Debug|Any CPU.ActiveCfg = Debug|Any CPU
		{5A28E8F3-EFE3-4F39-ABCE-8390DB605326}.Debug|Any CPU.Build.0 = Debug|Any CPU
		{5A28E8F3-EFE3-4F39-ABCE-8390DB605326}.Debug|x64.ActiveCfg = Debug|Any CPU
		{5A28E8F3-EFE3-4F39-ABCE-8390DB605326}.Debug|x64.Build.0 = Debug|Any CPU
		{5A28E8F3-EFE3-4F39-ABCE-8390DB605326}.Debug|x86.ActiveCfg = Debug|Any CPU
		{5A28E8F3-EFE3-4F39-ABCE-8390DB605326}.Debug|x86.Build.0 = Debug|Any CPU
		{5A28E8F3-EFE3-4F39-ABCE-8390DB605326}.Release|Any CPU.ActiveCfg = Release|Any CPU
		{5A28E8F3-EFE3-4F39-ABCE-8390DB605326}.Release|Any CPU.Build.0 = Release|Any CPU
		{5A28E8F3-EFE3-4F39-ABCE-8390DB605326}.Release|x64.ActiveCfg = Release|Any CPU
		{5A28E8F3-EFE3-4F39-ABCE-8390DB605326}.Release|x64.Build.0 = Release|Any CPU
		{5A28E8F3-EFE3-4F39-ABCE-8390DB605326}.Release|x86.ActiveCfg = Release|Any CPU
		{5A28E8F3-EFE3-4F39-ABCE-8390DB605326}.Release|x86.Build.0 = Release|Any CPU
		{E8ACA087-AC84-48D3-B2FC-105E8CC45E08}.Debug|Any CPU.ActiveCfg = Debug|Any CPU
		{E8ACA087-AC84-48D3-B2FC-105E8CC45E08}.Debug|Any CPU.Build.0 = Debug|Any CPU
		{E8ACA087-AC84-48D3-B2FC-105E8CC45E08}.Debug|x64.ActiveCfg = Debug|Any CPU
		{E8ACA087-AC84-48D3-B2FC-105E8CC45E08}.Debug|x64.Build.0 = Debug|Any CPU
		{E8ACA087-AC84-48D3-B2FC-105E8CC45E08}.Debug|x86.ActiveCfg = Debug|Any CPU
		{E8ACA087-AC84-48D3-B2FC-105E8CC45E08}.Debug|x86.Build.0 = Debug|Any CPU
		{E8ACA087-AC84-48D3-B2FC-105E8CC45E08}.Release|Any CPU.ActiveCfg = Release|Any CPU
		{E8ACA087-AC84-48D3-B2FC-105E8CC45E08}.Release|Any CPU.Build.0 = Release|Any CPU
		{E8ACA087-AC84-48D3-B2FC-105E8CC45E08}.Release|x64.ActiveCfg = Release|Any CPU
		{E8ACA087-AC84-48D3-B2FC-105E8CC45E08}.Release|x64.Build.0 = Release|Any CPU
		{E8ACA087-AC84-48D3-B2FC-105E8CC45E08}.Release|x86.ActiveCfg = Release|Any CPU
		{E8ACA087-AC84-48D3-B2FC-105E8CC45E08}.Release|x86.Build.0 = Release|Any CPU
	EndGlobalSection
EndGlobal
