
Microsoft Visual Studio Solution File, Format Version 12.00
# Visual Studio Version 16
VisualStudioVersion = 16.0.30114.105
MinimumVisualStudioVersion = 10.0.40219.1
Project("{FAE04EC0-301F-11D3-BF4B-00C04F79EFBC}") = "R5T.T0045", "R5T.T0045\R5T.T0045.csproj", "{D50979B6-D8BC-4C6C-BB4A-1E05DDCA8F48}"
EndProject
Project("{FAE04EC0-301F-11D3-BF4B-00C04F79EFBC}") = "R5T.T0045.Construction", "R5T.T0045.Construction\R5T.T0045.Construction.csproj", "{1690E6E1-8FE1-4D46-878D-9AA666B6878B}"
EndProject
Project("{FAE04EC0-301F-11D3-BF4B-00C04F79EFBC}") = "R5T.T0045.X000", "R5T.T0045.X000\R5T.T0045.X000.csproj", "{A07BAAC3-E7DA-4A0B-AA9F-648A91DE49C9}"
EndProject
Project("{FAE04EC0-301F-11D3-BF4B-00C04F79EFBC}") = "R5T.T0045.X001", "R5T.T0045.X001\R5T.T0045.X001.csproj", "{D05C0224-3AF0-4C2D-842C-64F7B635E697}"
EndProject
Project("{FAE04EC0-301F-11D3-BF4B-00C04F79EFBC}") = "R5T.T0045.X002", "R5T.T0045.X002\R5T.T0045.X002.csproj", "{EE9087EB-BFEB-4531-BEE9-AAFC0D285714}"
EndProject
Global
	GlobalSection(SolutionConfigurationPlatforms) = preSolution
		Debug|Any CPU = Debug|Any CPU
		Debug|x64 = Debug|x64
		Debug|x86 = Debug|x86
		Release|Any CPU = Release|Any CPU
		Release|x64 = Release|x64
		Release|x86 = Release|x86
	EndGlobalSection
	GlobalSection(SolutionProperties) = preSolution
		HideSolutionNode = FALSE
	EndGlobalSection
	GlobalSection(ProjectConfigurationPlatforms) = postSolution
		{D50979B6-D8BC-4C6C-BB4A-1E05DDCA8F48}.Debug|Any CPU.ActiveCfg = Debug|Any CPU
		{D50979B6-D8BC-4C6C-BB4A-1E05DDCA8F48}.Debug|Any CPU.Build.0 = Debug|Any CPU
		{D50979B6-D8BC-4C6C-BB4A-1E05DDCA8F48}.Debug|x64.ActiveCfg = Debug|Any CPU
		{D50979B6-D8BC-4C6C-BB4A-1E05DDCA8F48}.Debug|x64.Build.0 = Debug|Any CPU
		{D50979B6-D8BC-4C6C-BB4A-1E05DDCA8F48}.Debug|x86.ActiveCfg = Debug|Any CPU
		{D50979B6-D8BC-4C6C-BB4A-1E05DDCA8F48}.Debug|x86.Build.0 = Debug|Any CPU
		{D50979B6-D8BC-4C6C-BB4A-1E05DDCA8F48}.Release|Any CPU.ActiveCfg = Release|Any CPU
		{D50979B6-D8BC-4C6C-BB4A-1E05DDCA8F48}.Release|Any CPU.Build.0 = Release|Any CPU
		{D50979B6-D8BC-4C6C-BB4A-1E05DDCA8F48}.Release|x64.ActiveCfg = Release|Any CPU
		{D50979B6-D8BC-4C6C-BB4A-1E05DDCA8F48}.Release|x64.Build.0 = Release|Any CPU
		{D50979B6-D8BC-4C6C-BB4A-1E05DDCA8F48}.Release|x86.ActiveCfg = Release|Any CPU
		{D50979B6-D8BC-4C6C-BB4A-1E05DDCA8F48}.Release|x86.Build.0 = Release|Any CPU
		{1690E6E1-8FE1-4D46-878D-9AA666B6878B}.Debug|Any CPU.ActiveCfg = Debug|Any CPU
		{1690E6E1-8FE1-4D46-878D-9AA666B6878B}.Debug|Any CPU.Build.0 = Debug|Any CPU
		{1690E6E1-8FE1-4D46-878D-9AA666B6878B}.Debug|x64.ActiveCfg = Debug|Any CPU
		{1690E6E1-8FE1-4D46-878D-9AA666B6878B}.Debug|x64.Build.0 = Debug|Any CPU
		{1690E6E1-8FE1-4D46-878D-9AA666B6878B}.Debug|x86.ActiveCfg = Debug|Any CPU
		{1690E6E1-8FE1-4D46-878D-9AA666B6878B}.Debug|x86.Build.0 = Debug|Any CPU
		{1690E6E1-8FE1-4D46-878D-9AA666B6878B}.Release|Any CPU.ActiveCfg = Release|Any CPU
		{1690E6E1-8FE1-4D46-878D-9AA666B6878B}.Release|Any CPU.Build.0 = Release|Any CPU
		{1690E6E1-8FE1-4D46-878D-9AA666B6878B}.Release|x64.ActiveCfg = Release|Any CPU
		{1690E6E1-8FE1-4D46-878D-9AA666B6878B}.Release|x64.Build.0 = Release|Any CPU
		{1690E6E1-8FE1-4D46-878D-9AA666B6878B}.Release|x86.ActiveCfg = Release|Any CPU
		{1690E6E1-8FE1-4D46-878D-9AA666B6878B}.Release|x86.Build.0 = Release|Any CPU
		{A07BAAC3-E7DA-4A0B-AA9F-648A91DE49C9}.Debug|Any CPU.ActiveCfg = Debug|Any CPU
		{A07BAAC3-E7DA-4A0B-AA9F-648A91DE49C9}.Debug|Any CPU.Build.0 = Debug|Any CPU
		{A07BAAC3-E7DA-4A0B-AA9F-648A91DE49C9}.Debug|x64.ActiveCfg = Debug|Any CPU
		{A07BAAC3-E7DA-4A0B-AA9F-648A91DE49C9}.Debug|x64.Build.0 = Debug|Any CPU
		{A07BAAC3-E7DA-4A0B-AA9F-648A91DE49C9}.Debug|x86.ActiveCfg = Debug|Any CPU
		{A07BAAC3-E7DA-4A0B-AA9F-648A91DE49C9}.Debug|x86.Build.0 = Debug|Any CPU
		{A07BAAC3-E7DA-4A0B-AA9F-648A91DE49C9}.Release|Any CPU.ActiveCfg = Release|Any CPU
		{A07BAAC3-E7DA-4A0B-AA9F-648A91DE49C9}.Release|Any CPU.Build.0 = Release|Any CPU
		{A07BAAC3-E7DA-4A0B-AA9F-648A91DE49C9}.Release|x64.ActiveCfg = Release|Any CPU
		{A07BAAC3-E7DA-4A0B-AA9F-648A91DE49C9}.Release|x64.Build.0 = Release|Any CPU
		{A07BAAC3-E7DA-4A0B-AA9F-648A91DE49C9}.Release|x86.ActiveCfg = Release|Any CPU
		{A07BAAC3-E7DA-4A0B-AA9F-648A91DE49C9}.Release|x86.Build.0 = Release|Any CPU
		{D05C0224-3AF0-4C2D-842C-64F7B635E697}.Debug|Any CPU.ActiveCfg = Debug|Any CPU
		{D05C0224-3AF0-4C2D-842C-64F7B635E697}.Debug|Any CPU.Build.0 = Debug|Any CPU
		{D05C0224-3AF0-4C2D-842C-64F7B635E697}.Debug|x64.ActiveCfg = Debug|Any CPU
		{D05C0224-3AF0-4C2D-842C-64F7B635E697}.Debug|x64.Build.0 = Debug|Any CPU
		{D05C0224-3AF0-4C2D-842C-64F7B635E697}.Debug|x86.ActiveCfg = Debug|Any CPU
		{D05C0224-3AF0-4C2D-842C-64F7B635E697}.Debug|x86.Build.0 = Debug|Any CPU
		{D05C0224-3AF0-4C2D-842C-64F7B635E697}.Release|Any CPU.ActiveCfg = Release|Any CPU
		{D05C0224-3AF0-4C2D-842C-64F7B635E697}.Release|Any CPU.Build.0 = Release|Any CPU
		{D05C0224-3AF0-4C2D-842C-64F7B635E697}.Release|x64.ActiveCfg = Release|Any CPU
		{D05C0224-3AF0-4C2D-842C-64F7B635E697}.Release|x64.Build.0 = Release|Any CPU
		{D05C0224-3AF0-4C2D-842C-64F7B635E697}.Release|x86.ActiveCfg = Release|Any CPU
		{D05C0224-3AF0-4C2D-842C-64F7B635E697}.Release|x86.Build.0 = Release|Any CPU
		{EE9087EB-BFEB-4531-BEE9-AAFC0D285714}.Debug|Any CPU.ActiveCfg = Debug|Any CPU
		{EE9087EB-BFEB-4531-BEE9-AAFC0D285714}.Debug|Any CPU.Build.0 = Debug|Any CPU
		{EE9087EB-BFEB-4531-BEE9-AAFC0D285714}.Debug|x64.ActiveCfg = Debug|Any CPU
		{EE9087EB-BFEB-4531-BEE9-AAFC0D285714}.Debug|x64.Build.0 = Debug|Any CPU
		{EE9087EB-BFEB-4531-BEE9-AAFC0D285714}.Debug|x86.ActiveCfg = Debug|Any CPU
		{EE9087EB-BFEB-4531-BEE9-AAFC0D285714}.Debug|x86.Build.0 = Debug|Any CPU
		{EE9087EB-BFEB-4531-BEE9-AAFC0D285714}.Release|Any CPU.ActiveCfg = Release|Any CPU
		{EE9087EB-BFEB-4531-BEE9-AAFC0D285714}.Release|Any CPU.Build.0 = Release|Any CPU
		{EE9087EB-BFEB-4531-BEE9-AAFC0D285714}.Release|x64.ActiveCfg = Release|Any CPU
		{EE9087EB-BFEB-4531-BEE9-AAFC0D285714}.Release|x64.Build.0 = Release|Any CPU
		{EE9087EB-BFEB-4531-BEE9-AAFC0D285714}.Release|x86.ActiveCfg = Release|Any CPU
		{EE9087EB-BFEB-4531-BEE9-AAFC0D285714}.Release|x86.Build.0 = Release|Any CPU
	EndGlobalSection
EndGlobal
