
Microsoft Visual Studio Solution File, Format Version 12.00
# Visual Studio Version 16
VisualStudioVersion = 16.6.30114.105
MinimumVisualStudioVersion = 10.0.40219.1
Project("{9A19103F-16F7-4668-BE54-9A1E7A4F7556}") = "R5T.T0045.Construction", "R5T.T0045.Construction\R5T.T0045.Construction.csproj", "{5A28E8F3-EFE3-4F39-ABCE-8390DB605326}"
EndProject
Project("{9A19103F-16F7-4668-BE54-9A1E7A4F7556}") = "R5T.T0045", "R5T.T0045\R5T.T0045.csproj", "{E8ACA087-AC84-48D3-B2FC-105E8CC45E08}"
EndProject
Project("{2150E333-8FDC-42A3-9474-1A3956D46DE8}") = "_Dependencies", "_Dependencies", "{4E90B50C-03D6-4BCF-9B87-8FC1E7EAC961}"
EndProject
Project("{9A19103F-16F7-4668-BE54-9A1E7A4F7556}") = "R5T.T0039.T002", "..\..\R5T.T0039\source\R5T.T0039.T002\R5T.T0039.T002.csproj", "{BEBCEDF8-A0C4-45C0-B6B1-21A4E6B25E0B}"
EndProject
Project("{9A19103F-16F7-4668-BE54-9A1E7A4F7556}") = "R5T.T0045.X001", "R5T.T0045.X001\R5T.T0045.X001.csproj", "{32FB3B89-1A80-4891-B056-82AB0B4661F5}"
EndProject
Project("{9A19103F-16F7-4668-BE54-9A1E7A4F7556}") = "R5T.T0045.X000", "R5T.T0045.X000\R5T.T0045.X000.csproj", "{BA53711F-6897-4892-84D9-91CE13B0B831}"
EndProject
Project("{9A19103F-16F7-4668-BE54-9A1E7A4F7556}") = "R5T.T0045.X002", "R5T.T0045.X002\R5T.T0045.X002.csproj", "{8B5DE430-798B-4C12-B1A6-315DDA37162D}"
EndProject
Project("{9A19103F-16F7-4668-BE54-9A1E7A4F7556}") = "R5T.L0011.T001.X001", "..\..\R5T.L0011\source\R5T.L0011.T001.X001\R5T.L0011.T001.X001.csproj", "{3F8BE2BF-EC54-4069-8EBE-7A36906F77F8}"
EndProject
Project("{9A19103F-16F7-4668-BE54-9A1E7A4F7556}") = "R5T.Magyar", "..\..\R5T.Magyar\source\R5T.Magyar\R5T.Magyar.csproj", "{8659E1E8-FE4A-411E-AA5C-1B8F2E7B9BE4}"
EndProject
Project("{9A19103F-16F7-4668-BE54-9A1E7A4F7556}") = "R5T.L0011.T001", "..\..\R5T.L0011\source\R5T.L0011.T001\R5T.L0011.T001.csproj", "{1F37C434-5564-4340-AB19-135C7510A010}"
EndProject
Project("{9A19103F-16F7-4668-BE54-9A1E7A4F7556}") = "R5T.L0011.X001", "..\..\R5T.L0011\source\R5T.L0011.X001\R5T.L0011.X001.csproj", "{77BA89D1-243B-4922-B4A3-FC3DCDCD0925}"
EndProject
Project("{9A19103F-16F7-4668-BE54-9A1E7A4F7556}") = "R5T.Magyar.T002", "..\..\R5T.Magyar\source\R5T.Magyar.T002\R5T.Magyar.T002.csproj", "{105B27CA-DD9A-42A4-B525-DB44B308CE55}"
EndProject
Project("{9A19103F-16F7-4668-BE54-9A1E7A4F7556}") = "R5T.L0011", "..\..\R5T.L0011\source\R5T.L0011\R5T.L0011.csproj", "{5D272AF7-A117-4A74-A60A-621A6C379DFF}"
EndProject
Project("{9A19103F-16F7-4668-BE54-9A1E7A4F7556}") = "R5T.L0011.T004", "..\..\R5T.L0011\source\R5T.L0011.T004\R5T.L0011.T004.csproj", "{9AC27FD9-2822-4D07-999A-02690555AF11}"
EndProject
Project("{9A19103F-16F7-4668-BE54-9A1E7A4F7556}") = "R5T.T0034.X009", "..\..\R5T.T0034\source\R5T.T0034.X009\R5T.T0034.X009.csproj", "{F027E9B9-27C2-4C88-8A60-29E136813B21}"
EndProject
Project("{9A19103F-16F7-4668-BE54-9A1E7A4F7556}") = "R5T.T0035.X003", "..\..\R5T.T0035\source\R5T.T0035.X003\R5T.T0035.X003.csproj", "{9A6CCD61-7291-46C1-80B5-F7AB41C5D703}"
EndProject
Project("{9A19103F-16F7-4668-BE54-9A1E7A4F7556}") = "R5T.T0035", "..\..\R5T.T0035\source\R5T.T0035\R5T.T0035.csproj", "{B96BFE06-62C0-4EA8-B737-C117D45EF925}"
EndProject
Project("{9A19103F-16F7-4668-BE54-9A1E7A4F7556}") = "R5T.T0034", "..\..\R5T.T0034\source\R5T.T0034\R5T.T0034.csproj", "{A535D3FF-FB69-4DD4-8B80-72612C388FBD}"
EndProject
Project("{9A19103F-16F7-4668-BE54-9A1E7A4F7556}") = "R5T.L0011.X002", "..\..\R5T.L0011\source\R5T.L0011.X002\R5T.L0011.X002.csproj", "{08DAD60E-A3D9-40E2-A181-5065521A4892}"
EndProject
Project("{9A19103F-16F7-4668-BE54-9A1E7A4F7556}") = "R5T.T0034.X001", "..\..\R5T.T0034\source\R5T.T0034.X001\R5T.T0034.X001.csproj", "{B07D640E-2C30-41A9-9085-57BE9890CE53}"
EndProject
Project("{9A19103F-16F7-4668-BE54-9A1E7A4F7556}") = "R5T.L0011.T002.X001", "..\..\R5T.L0011\source\R5T.L0011.T002.X001\R5T.L0011.T002.X001.csproj", "{78AF7E1D-8D53-48E1-B17F-81A23A942E2F}"
EndProject
Project("{9A19103F-16F7-4668-BE54-9A1E7A4F7556}") = "R5T.L0011.T002", "..\..\R5T.L0011\source\R5T.L0011.T002\R5T.L0011.T002.csproj", "{6E8370B7-424C-4535-B6E8-5936BFEE95A6}"
EndProject
Project("{9A19103F-16F7-4668-BE54-9A1E7A4F7556}") = "R5T.L0011.T003", "..\..\R5T.L0011\source\R5T.L0011.T003\R5T.L0011.T003.csproj", "{BEC506EE-BD1B-4929-B053-D7A5030B7F7D}"
EndProject
Project("{9A19103F-16F7-4668-BE54-9A1E7A4F7556}") = "R5T.T0034.X004", "..\..\R5T.T0034\source\R5T.T0034.X004\R5T.T0034.X004.csproj", "{B4A9E941-20CC-4CD7-95E0-9FB57774FAAF}"
EndProject
Project("{9A19103F-16F7-4668-BE54-9A1E7A4F7556}") = "R5T.T0034.T001.X001", "..\..\R5T.T0034\source\R5T.T0034.T001.X001\R5T.T0034.T001.X001.csproj", "{CDC87083-7538-4389-B21C-E1DC8D05FF3E}"
EndProject
Project("{9A19103F-16F7-4668-BE54-9A1E7A4F7556}") = "R5T.T0034.T001", "..\..\R5T.T0034\source\R5T.T0034.T001\R5T.T0034.T001.csproj", "{0A2E2D91-95CF-4A9C-8806-7CF98373E76E}"
EndProject
Project("{9A19103F-16F7-4668-BE54-9A1E7A4F7556}") = "R5T.T0034.T001.X002", "..\..\R5T.T0034\source\R5T.T0034.T001.X002\R5T.T0034.T001.X002.csproj", "{D908805E-8360-431A-8F61-9B54B599B1D1}"
EndProject
Project("{9A19103F-16F7-4668-BE54-9A1E7A4F7556}") = "R5T.T0034.X005", "..\..\R5T.T0034\source\R5T.T0034.X005\R5T.T0034.X005.csproj", "{8D47032C-64DC-4078-B77C-25B613288009}"
EndProject
Project("{9A19103F-16F7-4668-BE54-9A1E7A4F7556}") = "R5T.T0034.X002", "..\..\R5T.T0034\source\R5T.T0034.X002\R5T.T0034.X002.csproj", "{F4CDA9C9-205E-40C6-B933-E9947B90AD91}"
EndProject
Project("{9A19103F-16F7-4668-BE54-9A1E7A4F7556}") = "R5T.T0035.T002", "..\..\R5T.T0035\source\R5T.T0035.T002\R5T.T0035.T002.csproj", "{4B80441D-07BD-4A58-A7C6-6E9EAF26C8CD}"
EndProject
Project("{9A19103F-16F7-4668-BE54-9A1E7A4F7556}") = "R5T.T0035.X001", "..\..\R5T.T0035\source\R5T.T0035.X001\R5T.T0035.X001.csproj", "{34DB4831-E7C5-4F17-A474-C60991A6F405}"
EndProject
Project("{9A19103F-16F7-4668-BE54-9A1E7A4F7556}") = "R5T.T0035.X002", "..\..\R5T.T0035\source\R5T.T0035.X002\R5T.T0035.X002.csproj", "{4B3869B1-725B-47E4-AB1D-3486E9DEFD36}"
EndProject
Project("{9A19103F-16F7-4668-BE54-9A1E7A4F7556}") = "R5T.T0036.X004", "..\..\R5T.T0036\source\R5T.T0036.X004\R5T.T0036.X004.csproj", "{DC820062-7316-4404-8E31-D51E6EC68081}"
EndProject
Project("{9A19103F-16F7-4668-BE54-9A1E7A4F7556}") = "R5T.T0036.X003", "..\..\R5T.T0036\source\R5T.T0036.X003\R5T.T0036.X003.csproj", "{AF3DD84A-1E2E-4FF1-96C1-898487F2C202}"
EndProject
Project("{9A19103F-16F7-4668-BE54-9A1E7A4F7556}") = "R5T.T0036", "..\..\R5T.T0036\source\R5T.T0036\R5T.T0036.csproj", "{5B3C6A79-A765-4C90-A656-CA69D0C2E400}"
EndProject
Project("{9A19103F-16F7-4668-BE54-9A1E7A4F7556}") = "R5T.T0036.X005", "..\..\R5T.T0036\source\R5T.T0036.X005\R5T.T0036.X005.csproj", "{EF16D6B5-289A-43E6-9DC0-80FF44A34E10}"
EndProject
Project("{9A19103F-16F7-4668-BE54-9A1E7A4F7556}") = "R5T.T0034.X011", "..\..\R5T.T0034\source\R5T.T0034.X011\R5T.T0034.X011.csproj", "{090DD9CF-8BAC-48B4-8478-2B5A98ECB261}"
EndProject
Project("{9A19103F-16F7-4668-BE54-9A1E7A4F7556}") = "R5T.L0011.X004", "..\..\R5T.L0011\source\R5T.L0011.X004\R5T.L0011.X004.csproj", "{FE3CF92C-352D-4D07-B38D-743338B8B3BE}"
EndProject
Project("{9A19103F-16F7-4668-BE54-9A1E7A4F7556}") = "R5T.T0049.X001", "..\..\R5T.T0049\source\R5T.T0049.X001\R5T.T0049.X001.csproj", "{694ED0B2-26C5-4B25-BF4E-7033E47805E5}"
EndProject
Project("{9A19103F-16F7-4668-BE54-9A1E7A4F7556}") = "R5T.T0049", "..\..\R5T.T0049\source\R5T.T0049\R5T.T0049.csproj", "{C574D983-3E63-42B9-83CA-81602DD7F28B}"
EndProject
Project("{9A19103F-16F7-4668-BE54-9A1E7A4F7556}") = "R5T.Stagira", "..\..\R5T.Stagira\source\R5T.Stagira\R5T.Stagira.csproj", "{0512F997-4071-42E2-9926-5D2A97C1228E}"
EndProject
Project("{9A19103F-16F7-4668-BE54-9A1E7A4F7556}") = "R5T.T0056", "..\..\R5T.T0056\source\R5T.T0056\R5T.T0056.csproj", "{724580BF-A696-4667-B087-DE4E1CF00921}"
EndProject
Project("{9A19103F-16F7-4668-BE54-9A1E7A4F7556}") = "R5T.T0058", "..\..\R5T.T0058\source\R5T.T0058\R5T.T0058.csproj", "{4135D28A-DBBA-4FE0-9B48-03F1058FDD13}"
EndProject
Project("{9A19103F-16F7-4668-BE54-9A1E7A4F7556}") = "R5T.T0050", "..\..\R5T.T0050\source\R5T.T0050\R5T.T0050.csproj", "{75F3A761-1FCA-410D-9240-F0CF0B6E1989}"
EndProject
Global
	GlobalSection(SolutionConfigurationPlatforms) = preSolution
		Debug|Any CPU = Debug|Any CPU
		Debug|x64 = Debug|x64
		Debug|x86 = Debug|x86
		Release|Any CPU = Release|Any CPU
		Release|x64 = Release|x64
		Release|x86 = Release|x86
	EndGlobalSection
	GlobalSection(ProjectConfigurationPlatforms) = postSolution
		{5A28E8F3-EFE3-4F39-ABCE-8390DB605326}.Debug|Any CPU.ActiveCfg = Debug|Any CPU
		{5A28E8F3-EFE3-4F39-ABCE-8390DB605326}.Debug|Any CPU.Build.0 = Debug|Any CPU
		{5A28E8F3-EFE3-4F39-ABCE-8390DB605326}.Debug|x64.ActiveCfg = Debug|Any CPU
		{5A28E8F3-EFE3-4F39-ABCE-8390DB605326}.Debug|x64.Build.0 = Debug|Any CPU
		{5A28E8F3-EFE3-4F39-ABCE-8390DB605326}.Debug|x86.ActiveCfg = Debug|Any CPU
		{5A28E8F3-EFE3-4F39-ABCE-8390DB605326}.Debug|x86.Build.0 = Debug|Any CPU
		{5A28E8F3-EFE3-4F39-ABCE-8390DB605326}.Release|Any CPU.ActiveCfg = Release|Any CPU
		{5A28E8F3-EFE3-4F39-ABCE-8390DB605326}.Release|Any CPU.Build.0 = Release|Any CPU
		{5A28E8F3-EFE3-4F39-ABCE-8390DB605326}.Release|x64.ActiveCfg = Release|Any CPU
		{5A28E8F3-EFE3-4F39-ABCE-8390DB605326}.Release|x64.Build.0 = Release|Any CPU
		{5A28E8F3-EFE3-4F39-ABCE-8390DB605326}.Release|x86.ActiveCfg = Release|Any CPU
		{5A28E8F3-EFE3-4F39-ABCE-8390DB605326}.Release|x86.Build.0 = Release|Any CPU
		{E8ACA087-AC84-48D3-B2FC-105E8CC45E08}.Debug|Any CPU.ActiveCfg = Debug|Any CPU
		{E8ACA087-AC84-48D3-B2FC-105E8CC45E08}.Debug|Any CPU.Build.0 = Debug|Any CPU
		{E8ACA087-AC84-48D3-B2FC-105E8CC45E08}.Debug|x64.ActiveCfg = Debug|Any CPU
		{E8ACA087-AC84-48D3-B2FC-105E8CC45E08}.Debug|x64.Build.0 = Debug|Any CPU
		{E8ACA087-AC84-48D3-B2FC-105E8CC45E08}.Debug|x86.ActiveCfg = Debug|Any CPU
		{E8ACA087-AC84-48D3-B2FC-105E8CC45E08}.Debug|x86.Build.0 = Debug|Any CPU
		{E8ACA087-AC84-48D3-B2FC-105E8CC45E08}.Release|Any CPU.ActiveCfg = Release|Any CPU
		{E8ACA087-AC84-48D3-B2FC-105E8CC45E08}.Release|Any CPU.Build.0 = Release|Any CPU
		{E8ACA087-AC84-48D3-B2FC-105E8CC45E08}.Release|x64.ActiveCfg = Release|Any CPU
		{E8ACA087-AC84-48D3-B2FC-105E8CC45E08}.Release|x64.Build.0 = Release|Any CPU
		{E8ACA087-AC84-48D3-B2FC-105E8CC45E08}.Release|x86.ActiveCfg = Release|Any CPU
		{E8ACA087-AC84-48D3-B2FC-105E8CC45E08}.Release|x86.Build.0 = Release|Any CPU
		{BEBCEDF8-A0C4-45C0-B6B1-21A4E6B25E0B}.Debug|Any CPU.ActiveCfg = Debug|Any CPU
		{BEBCEDF8-A0C4-45C0-B6B1-21A4E6B25E0B}.Debug|Any CPU.Build.0 = Debug|Any CPU
		{BEBCEDF8-A0C4-45C0-B6B1-21A4E6B25E0B}.Debug|x64.ActiveCfg = Debug|Any CPU
		{BEBCEDF8-A0C4-45C0-B6B1-21A4E6B25E0B}.Debug|x64.Build.0 = Debug|Any CPU
		{BEBCEDF8-A0C4-45C0-B6B1-21A4E6B25E0B}.Debug|x86.ActiveCfg = Debug|Any CPU
		{BEBCEDF8-A0C4-45C0-B6B1-21A4E6B25E0B}.Debug|x86.Build.0 = Debug|Any CPU
		{BEBCEDF8-A0C4-45C0-B6B1-21A4E6B25E0B}.Release|Any CPU.ActiveCfg = Release|Any CPU
		{BEBCEDF8-A0C4-45C0-B6B1-21A4E6B25E0B}.Release|Any CPU.Build.0 = Release|Any CPU
		{BEBCEDF8-A0C4-45C0-B6B1-21A4E6B25E0B}.Release|x64.ActiveCfg = Release|Any CPU
		{BEBCEDF8-A0C4-45C0-B6B1-21A4E6B25E0B}.Release|x64.Build.0 = Release|Any CPU
		{BEBCEDF8-A0C4-45C0-B6B1-21A4E6B25E0B}.Release|x86.ActiveCfg = Release|Any CPU
		{BEBCEDF8-A0C4-45C0-B6B1-21A4E6B25E0B}.Release|x86.Build.0 = Release|Any CPU
		{32FB3B89-1A80-4891-B056-82AB0B4661F5}.Debug|Any CPU.ActiveCfg = Debug|Any CPU
		{32FB3B89-1A80-4891-B056-82AB0B4661F5}.Debug|Any CPU.Build.0 = Debug|Any CPU
		{32FB3B89-1A80-4891-B056-82AB0B4661F5}.Debug|x64.ActiveCfg = Debug|Any CPU
		{32FB3B89-1A80-4891-B056-82AB0B4661F5}.Debug|x64.Build.0 = Debug|Any CPU
		{32FB3B89-1A80-4891-B056-82AB0B4661F5}.Debug|x86.ActiveCfg = Debug|Any CPU
		{32FB3B89-1A80-4891-B056-82AB0B4661F5}.Debug|x86.Build.0 = Debug|Any CPU
		{32FB3B89-1A80-4891-B056-82AB0B4661F5}.Release|Any CPU.ActiveCfg = Release|Any CPU
		{32FB3B89-1A80-4891-B056-82AB0B4661F5}.Release|Any CPU.Build.0 = Release|Any CPU
		{32FB3B89-1A80-4891-B056-82AB0B4661F5}.Release|x64.ActiveCfg = Release|Any CPU
		{32FB3B89-1A80-4891-B056-82AB0B4661F5}.Release|x64.Build.0 = Release|Any CPU
		{32FB3B89-1A80-4891-B056-82AB0B4661F5}.Release|x86.ActiveCfg = Release|Any CPU
		{32FB3B89-1A80-4891-B056-82AB0B4661F5}.Release|x86.Build.0 = Release|Any CPU
		{BA53711F-6897-4892-84D9-91CE13B0B831}.Debug|Any CPU.ActiveCfg = Debug|Any CPU
		{BA53711F-6897-4892-84D9-91CE13B0B831}.Debug|Any CPU.Build.0 = Debug|Any CPU
		{BA53711F-6897-4892-84D9-91CE13B0B831}.Debug|x64.ActiveCfg = Debug|Any CPU
		{BA53711F-6897-4892-84D9-91CE13B0B831}.Debug|x64.Build.0 = Debug|Any CPU
		{BA53711F-6897-4892-84D9-91CE13B0B831}.Debug|x86.ActiveCfg = Debug|Any CPU
		{BA53711F-6897-4892-84D9-91CE13B0B831}.Debug|x86.Build.0 = Debug|Any CPU
		{BA53711F-6897-4892-84D9-91CE13B0B831}.Release|Any CPU.ActiveCfg = Release|Any CPU
		{BA53711F-6897-4892-84D9-91CE13B0B831}.Release|Any CPU.Build.0 = Release|Any CPU
		{BA53711F-6897-4892-84D9-91CE13B0B831}.Release|x64.ActiveCfg = Release|Any CPU
		{BA53711F-6897-4892-84D9-91CE13B0B831}.Release|x64.Build.0 = Release|Any CPU
		{BA53711F-6897-4892-84D9-91CE13B0B831}.Release|x86.ActiveCfg = Release|Any CPU
		{BA53711F-6897-4892-84D9-91CE13B0B831}.Release|x86.Build.0 = Release|Any CPU
		{8B5DE430-798B-4C12-B1A6-315DDA37162D}.Debug|Any CPU.ActiveCfg = Debug|Any CPU
		{8B5DE430-798B-4C12-B1A6-315DDA37162D}.Debug|Any CPU.Build.0 = Debug|Any CPU
		{8B5DE430-798B-4C12-B1A6-315DDA37162D}.Debug|x64.ActiveCfg = Debug|Any CPU
		{8B5DE430-798B-4C12-B1A6-315DDA37162D}.Debug|x64.Build.0 = Debug|Any CPU
		{8B5DE430-798B-4C12-B1A6-315DDA37162D}.Debug|x86.ActiveCfg = Debug|Any CPU
		{8B5DE430-798B-4C12-B1A6-315DDA37162D}.Debug|x86.Build.0 = Debug|Any CPU
		{8B5DE430-798B-4C12-B1A6-315DDA37162D}.Release|Any CPU.ActiveCfg = Release|Any CPU
		{8B5DE430-798B-4C12-B1A6-315DDA37162D}.Release|Any CPU.Build.0 = Release|Any CPU
		{8B5DE430-798B-4C12-B1A6-315DDA37162D}.Release|x64.ActiveCfg = Release|Any CPU
		{8B5DE430-798B-4C12-B1A6-315DDA37162D}.Release|x64.Build.0 = Release|Any CPU
		{8B5DE430-798B-4C12-B1A6-315DDA37162D}.Release|x86.ActiveCfg = Release|Any CPU
		{8B5DE430-798B-4C12-B1A6-315DDA37162D}.Release|x86.Build.0 = Release|Any CPU
		{3F8BE2BF-EC54-4069-8EBE-7A36906F77F8}.Debug|Any CPU.ActiveCfg = Debug|Any CPU
		{3F8BE2BF-EC54-4069-8EBE-7A36906F77F8}.Debug|Any CPU.Build.0 = Debug|Any CPU
		{3F8BE2BF-EC54-4069-8EBE-7A36906F77F8}.Debug|x64.ActiveCfg = Debug|Any CPU
		{3F8BE2BF-EC54-4069-8EBE-7A36906F77F8}.Debug|x64.Build.0 = Debug|Any CPU
		{3F8BE2BF-EC54-4069-8EBE-7A36906F77F8}.Debug|x86.ActiveCfg = Debug|Any CPU
		{3F8BE2BF-EC54-4069-8EBE-7A36906F77F8}.Debug|x86.Build.0 = Debug|Any CPU
		{3F8BE2BF-EC54-4069-8EBE-7A36906F77F8}.Release|Any CPU.ActiveCfg = Release|Any CPU
		{3F8BE2BF-EC54-4069-8EBE-7A36906F77F8}.Release|Any CPU.Build.0 = Release|Any CPU
		{3F8BE2BF-EC54-4069-8EBE-7A36906F77F8}.Release|x64.ActiveCfg = Release|Any CPU
		{3F8BE2BF-EC54-4069-8EBE-7A36906F77F8}.Release|x64.Build.0 = Release|Any CPU
		{3F8BE2BF-EC54-4069-8EBE-7A36906F77F8}.Release|x86.ActiveCfg = Release|Any CPU
		{3F8BE2BF-EC54-4069-8EBE-7A36906F77F8}.Release|x86.Build.0 = Release|Any CPU
		{8659E1E8-FE4A-411E-AA5C-1B8F2E7B9BE4}.Debug|Any CPU.ActiveCfg = Debug|Any CPU
		{8659E1E8-FE4A-411E-AA5C-1B8F2E7B9BE4}.Debug|Any CPU.Build.0 = Debug|Any CPU
		{8659E1E8-FE4A-411E-AA5C-1B8F2E7B9BE4}.Debug|x64.ActiveCfg = Debug|Any CPU
		{8659E1E8-FE4A-411E-AA5C-1B8F2E7B9BE4}.Debug|x64.Build.0 = Debug|Any CPU
		{8659E1E8-FE4A-411E-AA5C-1B8F2E7B9BE4}.Debug|x86.ActiveCfg = Debug|Any CPU
		{8659E1E8-FE4A-411E-AA5C-1B8F2E7B9BE4}.Debug|x86.Build.0 = Debug|Any CPU
		{8659E1E8-FE4A-411E-AA5C-1B8F2E7B9BE4}.Release|Any CPU.ActiveCfg = Release|Any CPU
		{8659E1E8-FE4A-411E-AA5C-1B8F2E7B9BE4}.Release|Any CPU.Build.0 = Release|Any CPU
		{8659E1E8-FE4A-411E-AA5C-1B8F2E7B9BE4}.Release|x64.ActiveCfg = Release|Any CPU
		{8659E1E8-FE4A-411E-AA5C-1B8F2E7B9BE4}.Release|x64.Build.0 = Release|Any CPU
		{8659E1E8-FE4A-411E-AA5C-1B8F2E7B9BE4}.Release|x86.ActiveCfg = Release|Any CPU
		{8659E1E8-FE4A-411E-AA5C-1B8F2E7B9BE4}.Release|x86.Build.0 = Release|Any CPU
		{1F37C434-5564-4340-AB19-135C7510A010}.Debug|Any CPU.ActiveCfg = Debug|Any CPU
		{1F37C434-5564-4340-AB19-135C7510A010}.Debug|Any CPU.Build.0 = Debug|Any CPU
		{1F37C434-5564-4340-AB19-135C7510A010}.Debug|x64.ActiveCfg = Debug|Any CPU
		{1F37C434-5564-4340-AB19-135C7510A010}.Debug|x64.Build.0 = Debug|Any CPU
		{1F37C434-5564-4340-AB19-135C7510A010}.Debug|x86.ActiveCfg = Debug|Any CPU
		{1F37C434-5564-4340-AB19-135C7510A010}.Debug|x86.Build.0 = Debug|Any CPU
		{1F37C434-5564-4340-AB19-135C7510A010}.Release|Any CPU.ActiveCfg = Release|Any CPU
		{1F37C434-5564-4340-AB19-135C7510A010}.Release|Any CPU.Build.0 = Release|Any CPU
		{1F37C434-5564-4340-AB19-135C7510A010}.Release|x64.ActiveCfg = Release|Any CPU
		{1F37C434-5564-4340-AB19-135C7510A010}.Release|x64.Build.0 = Release|Any CPU
		{1F37C434-5564-4340-AB19-135C7510A010}.Release|x86.ActiveCfg = Release|Any CPU
		{1F37C434-5564-4340-AB19-135C7510A010}.Release|x86.Build.0 = Release|Any CPU
		{77BA89D1-243B-4922-B4A3-FC3DCDCD0925}.Debug|Any CPU.ActiveCfg = Debug|Any CPU
		{77BA89D1-243B-4922-B4A3-FC3DCDCD0925}.Debug|Any CPU.Build.0 = Debug|Any CPU
		{77BA89D1-243B-4922-B4A3-FC3DCDCD0925}.Debug|x64.ActiveCfg = Debug|Any CPU
		{77BA89D1-243B-4922-B4A3-FC3DCDCD0925}.Debug|x64.Build.0 = Debug|Any CPU
		{77BA89D1-243B-4922-B4A3-FC3DCDCD0925}.Debug|x86.ActiveCfg = Debug|Any CPU
		{77BA89D1-243B-4922-B4A3-FC3DCDCD0925}.Debug|x86.Build.0 = Debug|Any CPU
		{77BA89D1-243B-4922-B4A3-FC3DCDCD0925}.Release|Any CPU.ActiveCfg = Release|Any CPU
		{77BA89D1-243B-4922-B4A3-FC3DCDCD0925}.Release|Any CPU.Build.0 = Release|Any CPU
		{77BA89D1-243B-4922-B4A3-FC3DCDCD0925}.Release|x64.ActiveCfg = Release|Any CPU
		{77BA89D1-243B-4922-B4A3-FC3DCDCD0925}.Release|x64.Build.0 = Release|Any CPU
		{77BA89D1-243B-4922-B4A3-FC3DCDCD0925}.Release|x86.ActiveCfg = Release|Any CPU
		{77BA89D1-243B-4922-B4A3-FC3DCDCD0925}.Release|x86.Build.0 = Release|Any CPU
		{105B27CA-DD9A-42A4-B525-DB44B308CE55}.Debug|Any CPU.ActiveCfg = Debug|Any CPU
		{105B27CA-DD9A-42A4-B525-DB44B308CE55}.Debug|Any CPU.Build.0 = Debug|Any CPU
		{105B27CA-DD9A-42A4-B525-DB44B308CE55}.Debug|x64.ActiveCfg = Debug|Any CPU
		{105B27CA-DD9A-42A4-B525-DB44B308CE55}.Debug|x64.Build.0 = Debug|Any CPU
		{105B27CA-DD9A-42A4-B525-DB44B308CE55}.Debug|x86.ActiveCfg = Debug|Any CPU
		{105B27CA-DD9A-42A4-B525-DB44B308CE55}.Debug|x86.Build.0 = Debug|Any CPU
		{105B27CA-DD9A-42A4-B525-DB44B308CE55}.Release|Any CPU.ActiveCfg = Release|Any CPU
		{105B27CA-DD9A-42A4-B525-DB44B308CE55}.Release|Any CPU.Build.0 = Release|Any CPU
		{105B27CA-DD9A-42A4-B525-DB44B308CE55}.Release|x64.ActiveCfg = Release|Any CPU
		{105B27CA-DD9A-42A4-B525-DB44B308CE55}.Release|x64.Build.0 = Release|Any CPU
		{105B27CA-DD9A-42A4-B525-DB44B308CE55}.Release|x86.ActiveCfg = Release|Any CPU
		{105B27CA-DD9A-42A4-B525-DB44B308CE55}.Release|x86.Build.0 = Release|Any CPU
		{5D272AF7-A117-4A74-A60A-621A6C379DFF}.Debug|Any CPU.ActiveCfg = Debug|Any CPU
		{5D272AF7-A117-4A74-A60A-621A6C379DFF}.Debug|Any CPU.Build.0 = Debug|Any CPU
		{5D272AF7-A117-4A74-A60A-621A6C379DFF}.Debug|x64.ActiveCfg = Debug|Any CPU
		{5D272AF7-A117-4A74-A60A-621A6C379DFF}.Debug|x64.Build.0 = Debug|Any CPU
		{5D272AF7-A117-4A74-A60A-621A6C379DFF}.Debug|x86.ActiveCfg = Debug|Any CPU
		{5D272AF7-A117-4A74-A60A-621A6C379DFF}.Debug|x86.Build.0 = Debug|Any CPU
		{5D272AF7-A117-4A74-A60A-621A6C379DFF}.Release|Any CPU.ActiveCfg = Release|Any CPU
		{5D272AF7-A117-4A74-A60A-621A6C379DFF}.Release|Any CPU.Build.0 = Release|Any CPU
		{5D272AF7-A117-4A74-A60A-621A6C379DFF}.Release|x64.ActiveCfg = Release|Any CPU
		{5D272AF7-A117-4A74-A60A-621A6C379DFF}.Release|x64.Build.0 = Release|Any CPU
		{5D272AF7-A117-4A74-A60A-621A6C379DFF}.Release|x86.ActiveCfg = Release|Any CPU
		{5D272AF7-A117-4A74-A60A-621A6C379DFF}.Release|x86.Build.0 = Release|Any CPU
		{9AC27FD9-2822-4D07-999A-02690555AF11}.Debug|Any CPU.ActiveCfg = Debug|Any CPU
		{9AC27FD9-2822-4D07-999A-02690555AF11}.Debug|Any CPU.Build.0 = Debug|Any CPU
		{9AC27FD9-2822-4D07-999A-02690555AF11}.Debug|x64.ActiveCfg = Debug|Any CPU
		{9AC27FD9-2822-4D07-999A-02690555AF11}.Debug|x64.Build.0 = Debug|Any CPU
		{9AC27FD9-2822-4D07-999A-02690555AF11}.Debug|x86.ActiveCfg = Debug|Any CPU
		{9AC27FD9-2822-4D07-999A-02690555AF11}.Debug|x86.Build.0 = Debug|Any CPU
		{9AC27FD9-2822-4D07-999A-02690555AF11}.Release|Any CPU.ActiveCfg = Release|Any CPU
		{9AC27FD9-2822-4D07-999A-02690555AF11}.Release|Any CPU.Build.0 = Release|Any CPU
		{9AC27FD9-2822-4D07-999A-02690555AF11}.Release|x64.ActiveCfg = Release|Any CPU
		{9AC27FD9-2822-4D07-999A-02690555AF11}.Release|x64.Build.0 = Release|Any CPU
		{9AC27FD9-2822-4D07-999A-02690555AF11}.Release|x86.ActiveCfg = Release|Any CPU
		{9AC27FD9-2822-4D07-999A-02690555AF11}.Release|x86.Build.0 = Release|Any CPU
		{F027E9B9-27C2-4C88-8A60-29E136813B21}.Debug|Any CPU.ActiveCfg = Debug|Any CPU
		{F027E9B9-27C2-4C88-8A60-29E136813B21}.Debug|Any CPU.Build.0 = Debug|Any CPU
		{F027E9B9-27C2-4C88-8A60-29E136813B21}.Debug|x64.ActiveCfg = Debug|Any CPU
		{F027E9B9-27C2-4C88-8A60-29E136813B21}.Debug|x64.Build.0 = Debug|Any CPU
		{F027E9B9-27C2-4C88-8A60-29E136813B21}.Debug|x86.ActiveCfg = Debug|Any CPU
		{F027E9B9-27C2-4C88-8A60-29E136813B21}.Debug|x86.Build.0 = Debug|Any CPU
		{F027E9B9-27C2-4C88-8A60-29E136813B21}.Release|Any CPU.ActiveCfg = Release|Any CPU
		{F027E9B9-27C2-4C88-8A60-29E136813B21}.Release|Any CPU.Build.0 = Release|Any CPU
		{F027E9B9-27C2-4C88-8A60-29E136813B21}.Release|x64.ActiveCfg = Release|Any CPU
		{F027E9B9-27C2-4C88-8A60-29E136813B21}.Release|x64.Build.0 = Release|Any CPU
		{F027E9B9-27C2-4C88-8A60-29E136813B21}.Release|x86.ActiveCfg = Release|Any CPU
		{F027E9B9-27C2-4C88-8A60-29E136813B21}.Release|x86.Build.0 = Release|Any CPU
		{9A6CCD61-7291-46C1-80B5-F7AB41C5D703}.Debug|Any CPU.ActiveCfg = Debug|Any CPU
		{9A6CCD61-7291-46C1-80B5-F7AB41C5D703}.Debug|Any CPU.Build.0 = Debug|Any CPU
		{9A6CCD61-7291-46C1-80B5-F7AB41C5D703}.Debug|x64.ActiveCfg = Debug|Any CPU
		{9A6CCD61-7291-46C1-80B5-F7AB41C5D703}.Debug|x64.Build.0 = Debug|Any CPU
		{9A6CCD61-7291-46C1-80B5-F7AB41C5D703}.Debug|x86.ActiveCfg = Debug|Any CPU
		{9A6CCD61-7291-46C1-80B5-F7AB41C5D703}.Debug|x86.Build.0 = Debug|Any CPU
		{9A6CCD61-7291-46C1-80B5-F7AB41C5D703}.Release|Any CPU.ActiveCfg = Release|Any CPU
		{9A6CCD61-7291-46C1-80B5-F7AB41C5D703}.Release|Any CPU.Build.0 = Release|Any CPU
		{9A6CCD61-7291-46C1-80B5-F7AB41C5D703}.Release|x64.ActiveCfg = Release|Any CPU
		{9A6CCD61-7291-46C1-80B5-F7AB41C5D703}.Release|x64.Build.0 = Release|Any CPU
		{9A6CCD61-7291-46C1-80B5-F7AB41C5D703}.Release|x86.ActiveCfg = Release|Any CPU
		{9A6CCD61-7291-46C1-80B5-F7AB41C5D703}.Release|x86.Build.0 = Release|Any CPU
		{B96BFE06-62C0-4EA8-B737-C117D45EF925}.Debug|Any CPU.ActiveCfg = Debug|Any CPU
		{B96BFE06-62C0-4EA8-B737-C117D45EF925}.Debug|Any CPU.Build.0 = Debug|Any CPU
		{B96BFE06-62C0-4EA8-B737-C117D45EF925}.Debug|x64.ActiveCfg = Debug|Any CPU
		{B96BFE06-62C0-4EA8-B737-C117D45EF925}.Debug|x64.Build.0 = Debug|Any CPU
		{B96BFE06-62C0-4EA8-B737-C117D45EF925}.Debug|x86.ActiveCfg = Debug|Any CPU
		{B96BFE06-62C0-4EA8-B737-C117D45EF925}.Debug|x86.Build.0 = Debug|Any CPU
		{B96BFE06-62C0-4EA8-B737-C117D45EF925}.Release|Any CPU.ActiveCfg = Release|Any CPU
		{B96BFE06-62C0-4EA8-B737-C117D45EF925}.Release|Any CPU.Build.0 = Release|Any CPU
		{B96BFE06-62C0-4EA8-B737-C117D45EF925}.Release|x64.ActiveCfg = Release|Any CPU
		{B96BFE06-62C0-4EA8-B737-C117D45EF925}.Release|x64.Build.0 = Release|Any CPU
		{B96BFE06-62C0-4EA8-B737-C117D45EF925}.Release|x86.ActiveCfg = Release|Any CPU
		{B96BFE06-62C0-4EA8-B737-C117D45EF925}.Release|x86.Build.0 = Release|Any CPU
		{A535D3FF-FB69-4DD4-8B80-72612C388FBD}.Debug|Any CPU.ActiveCfg = Debug|Any CPU
		{A535D3FF-FB69-4DD4-8B80-72612C388FBD}.Debug|Any CPU.Build.0 = Debug|Any CPU
		{A535D3FF-FB69-4DD4-8B80-72612C388FBD}.Debug|x64.ActiveCfg = Debug|Any CPU
		{A535D3FF-FB69-4DD4-8B80-72612C388FBD}.Debug|x64.Build.0 = Debug|Any CPU
		{A535D3FF-FB69-4DD4-8B80-72612C388FBD}.Debug|x86.ActiveCfg = Debug|Any CPU
		{A535D3FF-FB69-4DD4-8B80-72612C388FBD}.Debug|x86.Build.0 = Debug|Any CPU
		{A535D3FF-FB69-4DD4-8B80-72612C388FBD}.Release|Any CPU.ActiveCfg = Release|Any CPU
		{A535D3FF-FB69-4DD4-8B80-72612C388FBD}.Release|Any CPU.Build.0 = Release|Any CPU
		{A535D3FF-FB69-4DD4-8B80-72612C388FBD}.Release|x64.ActiveCfg = Release|Any CPU
		{A535D3FF-FB69-4DD4-8B80-72612C388FBD}.Release|x64.Build.0 = Release|Any CPU
		{A535D3FF-FB69-4DD4-8B80-72612C388FBD}.Release|x86.ActiveCfg = Release|Any CPU
		{A535D3FF-FB69-4DD4-8B80-72612C388FBD}.Release|x86.Build.0 = Release|Any CPU
		{08DAD60E-A3D9-40E2-A181-5065521A4892}.Debug|Any CPU.ActiveCfg = Debug|Any CPU
		{08DAD60E-A3D9-40E2-A181-5065521A4892}.Debug|Any CPU.Build.0 = Debug|Any CPU
		{08DAD60E-A3D9-40E2-A181-5065521A4892}.Debug|x64.ActiveCfg = Debug|Any CPU
		{08DAD60E-A3D9-40E2-A181-5065521A4892}.Debug|x64.Build.0 = Debug|Any CPU
		{08DAD60E-A3D9-40E2-A181-5065521A4892}.Debug|x86.ActiveCfg = Debug|Any CPU
		{08DAD60E-A3D9-40E2-A181-5065521A4892}.Debug|x86.Build.0 = Debug|Any CPU
		{08DAD60E-A3D9-40E2-A181-5065521A4892}.Release|Any CPU.ActiveCfg = Release|Any CPU
		{08DAD60E-A3D9-40E2-A181-5065521A4892}.Release|Any CPU.Build.0 = Release|Any CPU
		{08DAD60E-A3D9-40E2-A181-5065521A4892}.Release|x64.ActiveCfg = Release|Any CPU
		{08DAD60E-A3D9-40E2-A181-5065521A4892}.Release|x64.Build.0 = Release|Any CPU
		{08DAD60E-A3D9-40E2-A181-5065521A4892}.Release|x86.ActiveCfg = Release|Any CPU
		{08DAD60E-A3D9-40E2-A181-5065521A4892}.Release|x86.Build.0 = Release|Any CPU
		{B07D640E-2C30-41A9-9085-57BE9890CE53}.Debug|Any CPU.ActiveCfg = Debug|Any CPU
		{B07D640E-2C30-41A9-9085-57BE9890CE53}.Debug|Any CPU.Build.0 = Debug|Any CPU
		{B07D640E-2C30-41A9-9085-57BE9890CE53}.Debug|x64.ActiveCfg = Debug|Any CPU
		{B07D640E-2C30-41A9-9085-57BE9890CE53}.Debug|x64.Build.0 = Debug|Any CPU
		{B07D640E-2C30-41A9-9085-57BE9890CE53}.Debug|x86.ActiveCfg = Debug|Any CPU
		{B07D640E-2C30-41A9-9085-57BE9890CE53}.Debug|x86.Build.0 = Debug|Any CPU
		{B07D640E-2C30-41A9-9085-57BE9890CE53}.Release|Any CPU.ActiveCfg = Release|Any CPU
		{B07D640E-2C30-41A9-9085-57BE9890CE53}.Release|Any CPU.Build.0 = Release|Any CPU
		{B07D640E-2C30-41A9-9085-57BE9890CE53}.Release|x64.ActiveCfg = Release|Any CPU
		{B07D640E-2C30-41A9-9085-57BE9890CE53}.Release|x64.Build.0 = Release|Any CPU
		{B07D640E-2C30-41A9-9085-57BE9890CE53}.Release|x86.ActiveCfg = Release|Any CPU
		{B07D640E-2C30-41A9-9085-57BE9890CE53}.Release|x86.Build.0 = Release|Any CPU
		{78AF7E1D-8D53-48E1-B17F-81A23A942E2F}.Debug|Any CPU.ActiveCfg = Debug|Any CPU
		{78AF7E1D-8D53-48E1-B17F-81A23A942E2F}.Debug|Any CPU.Build.0 = Debug|Any CPU
		{78AF7E1D-8D53-48E1-B17F-81A23A942E2F}.Debug|x64.ActiveCfg = Debug|Any CPU
		{78AF7E1D-8D53-48E1-B17F-81A23A942E2F}.Debug|x64.Build.0 = Debug|Any CPU
		{78AF7E1D-8D53-48E1-B17F-81A23A942E2F}.Debug|x86.ActiveCfg = Debug|Any CPU
		{78AF7E1D-8D53-48E1-B17F-81A23A942E2F}.Debug|x86.Build.0 = Debug|Any CPU
		{78AF7E1D-8D53-48E1-B17F-81A23A942E2F}.Release|Any CPU.ActiveCfg = Release|Any CPU
		{78AF7E1D-8D53-48E1-B17F-81A23A942E2F}.Release|Any CPU.Build.0 = Release|Any CPU
		{78AF7E1D-8D53-48E1-B17F-81A23A942E2F}.Release|x64.ActiveCfg = Release|Any CPU
		{78AF7E1D-8D53-48E1-B17F-81A23A942E2F}.Release|x64.Build.0 = Release|Any CPU
		{78AF7E1D-8D53-48E1-B17F-81A23A942E2F}.Release|x86.ActiveCfg = Release|Any CPU
		{78AF7E1D-8D53-48E1-B17F-81A23A942E2F}.Release|x86.Build.0 = Release|Any CPU
		{6E8370B7-424C-4535-B6E8-5936BFEE95A6}.Debug|Any CPU.ActiveCfg = Debug|Any CPU
		{6E8370B7-424C-4535-B6E8-5936BFEE95A6}.Debug|Any CPU.Build.0 = Debug|Any CPU
		{6E8370B7-424C-4535-B6E8-5936BFEE95A6}.Debug|x64.ActiveCfg = Debug|Any CPU
		{6E8370B7-424C-4535-B6E8-5936BFEE95A6}.Debug|x64.Build.0 = Debug|Any CPU
		{6E8370B7-424C-4535-B6E8-5936BFEE95A6}.Debug|x86.ActiveCfg = Debug|Any CPU
		{6E8370B7-424C-4535-B6E8-5936BFEE95A6}.Debug|x86.Build.0 = Debug|Any CPU
		{6E8370B7-424C-4535-B6E8-5936BFEE95A6}.Release|Any CPU.ActiveCfg = Release|Any CPU
		{6E8370B7-424C-4535-B6E8-5936BFEE95A6}.Release|Any CPU.Build.0 = Release|Any CPU
		{6E8370B7-424C-4535-B6E8-5936BFEE95A6}.Release|x64.ActiveCfg = Release|Any CPU
		{6E8370B7-424C-4535-B6E8-5936BFEE95A6}.Release|x64.Build.0 = Release|Any CPU
		{6E8370B7-424C-4535-B6E8-5936BFEE95A6}.Release|x86.ActiveCfg = Release|Any CPU
		{6E8370B7-424C-4535-B6E8-5936BFEE95A6}.Release|x86.Build.0 = Release|Any CPU
		{BEC506EE-BD1B-4929-B053-D7A5030B7F7D}.Debug|Any CPU.ActiveCfg = Debug|Any CPU
		{BEC506EE-BD1B-4929-B053-D7A5030B7F7D}.Debug|Any CPU.Build.0 = Debug|Any CPU
		{BEC506EE-BD1B-4929-B053-D7A5030B7F7D}.Debug|x64.ActiveCfg = Debug|Any CPU
		{BEC506EE-BD1B-4929-B053-D7A5030B7F7D}.Debug|x64.Build.0 = Debug|Any CPU
		{BEC506EE-BD1B-4929-B053-D7A5030B7F7D}.Debug|x86.ActiveCfg = Debug|Any CPU
		{BEC506EE-BD1B-4929-B053-D7A5030B7F7D}.Debug|x86.Build.0 = Debug|Any CPU
		{BEC506EE-BD1B-4929-B053-D7A5030B7F7D}.Release|Any CPU.ActiveCfg = Release|Any CPU
		{BEC506EE-BD1B-4929-B053-D7A5030B7F7D}.Release|Any CPU.Build.0 = Release|Any CPU
		{BEC506EE-BD1B-4929-B053-D7A5030B7F7D}.Release|x64.ActiveCfg = Release|Any CPU
		{BEC506EE-BD1B-4929-B053-D7A5030B7F7D}.Release|x64.Build.0 = Release|Any CPU
		{BEC506EE-BD1B-4929-B053-D7A5030B7F7D}.Release|x86.ActiveCfg = Release|Any CPU
		{BEC506EE-BD1B-4929-B053-D7A5030B7F7D}.Release|x86.Build.0 = Release|Any CPU
		{B4A9E941-20CC-4CD7-95E0-9FB57774FAAF}.Debug|Any CPU.ActiveCfg = Debug|Any CPU
		{B4A9E941-20CC-4CD7-95E0-9FB57774FAAF}.Debug|Any CPU.Build.0 = Debug|Any CPU
		{B4A9E941-20CC-4CD7-95E0-9FB57774FAAF}.Debug|x64.ActiveCfg = Debug|Any CPU
		{B4A9E941-20CC-4CD7-95E0-9FB57774FAAF}.Debug|x64.Build.0 = Debug|Any CPU
		{B4A9E941-20CC-4CD7-95E0-9FB57774FAAF}.Debug|x86.ActiveCfg = Debug|Any CPU
		{B4A9E941-20CC-4CD7-95E0-9FB57774FAAF}.Debug|x86.Build.0 = Debug|Any CPU
		{B4A9E941-20CC-4CD7-95E0-9FB57774FAAF}.Release|Any CPU.ActiveCfg = Release|Any CPU
		{B4A9E941-20CC-4CD7-95E0-9FB57774FAAF}.Release|Any CPU.Build.0 = Release|Any CPU
		{B4A9E941-20CC-4CD7-95E0-9FB57774FAAF}.Release|x64.ActiveCfg = Release|Any CPU
		{B4A9E941-20CC-4CD7-95E0-9FB57774FAAF}.Release|x64.Build.0 = Release|Any CPU
		{B4A9E941-20CC-4CD7-95E0-9FB57774FAAF}.Release|x86.ActiveCfg = Release|Any CPU
		{B4A9E941-20CC-4CD7-95E0-9FB57774FAAF}.Release|x86.Build.0 = Release|Any CPU
		{CDC87083-7538-4389-B21C-E1DC8D05FF3E}.Debug|Any CPU.ActiveCfg = Debug|Any CPU
		{CDC87083-7538-4389-B21C-E1DC8D05FF3E}.Debug|Any CPU.Build.0 = Debug|Any CPU
		{CDC87083-7538-4389-B21C-E1DC8D05FF3E}.Debug|x64.ActiveCfg = Debug|Any CPU
		{CDC87083-7538-4389-B21C-E1DC8D05FF3E}.Debug|x64.Build.0 = Debug|Any CPU
		{CDC87083-7538-4389-B21C-E1DC8D05FF3E}.Debug|x86.ActiveCfg = Debug|Any CPU
		{CDC87083-7538-4389-B21C-E1DC8D05FF3E}.Debug|x86.Build.0 = Debug|Any CPU
		{CDC87083-7538-4389-B21C-E1DC8D05FF3E}.Release|Any CPU.ActiveCfg = Release|Any CPU
		{CDC87083-7538-4389-B21C-E1DC8D05FF3E}.Release|Any CPU.Build.0 = Release|Any CPU
		{CDC87083-7538-4389-B21C-E1DC8D05FF3E}.Release|x64.ActiveCfg = Release|Any CPU
		{CDC87083-7538-4389-B21C-E1DC8D05FF3E}.Release|x64.Build.0 = Release|Any CPU
		{CDC87083-7538-4389-B21C-E1DC8D05FF3E}.Release|x86.ActiveCfg = Release|Any CPU
		{CDC87083-7538-4389-B21C-E1DC8D05FF3E}.Release|x86.Build.0 = Release|Any CPU
		{0A2E2D91-95CF-4A9C-8806-7CF98373E76E}.Debug|Any CPU.ActiveCfg = Debug|Any CPU
		{0A2E2D91-95CF-4A9C-8806-7CF98373E76E}.Debug|Any CPU.Build.0 = Debug|Any CPU
		{0A2E2D91-95CF-4A9C-8806-7CF98373E76E}.Debug|x64.ActiveCfg = Debug|Any CPU
		{0A2E2D91-95CF-4A9C-8806-7CF98373E76E}.Debug|x64.Build.0 = Debug|Any CPU
		{0A2E2D91-95CF-4A9C-8806-7CF98373E76E}.Debug|x86.ActiveCfg = Debug|Any CPU
		{0A2E2D91-95CF-4A9C-8806-7CF98373E76E}.Debug|x86.Build.0 = Debug|Any CPU
		{0A2E2D91-95CF-4A9C-8806-7CF98373E76E}.Release|Any CPU.ActiveCfg = Release|Any CPU
		{0A2E2D91-95CF-4A9C-8806-7CF98373E76E}.Release|Any CPU.Build.0 = Release|Any CPU
		{0A2E2D91-95CF-4A9C-8806-7CF98373E76E}.Release|x64.ActiveCfg = Release|Any CPU
		{0A2E2D91-95CF-4A9C-8806-7CF98373E76E}.Release|x64.Build.0 = Release|Any CPU
		{0A2E2D91-95CF-4A9C-8806-7CF98373E76E}.Release|x86.ActiveCfg = Release|Any CPU
		{0A2E2D91-95CF-4A9C-8806-7CF98373E76E}.Release|x86.Build.0 = Release|Any CPU
		{D908805E-8360-431A-8F61-9B54B599B1D1}.Debug|Any CPU.ActiveCfg = Debug|Any CPU
		{D908805E-8360-431A-8F61-9B54B599B1D1}.Debug|Any CPU.Build.0 = Debug|Any CPU
		{D908805E-8360-431A-8F61-9B54B599B1D1}.Debug|x64.ActiveCfg = Debug|Any CPU
		{D908805E-8360-431A-8F61-9B54B599B1D1}.Debug|x64.Build.0 = Debug|Any CPU
		{D908805E-8360-431A-8F61-9B54B599B1D1}.Debug|x86.ActiveCfg = Debug|Any CPU
		{D908805E-8360-431A-8F61-9B54B599B1D1}.Debug|x86.Build.0 = Debug|Any CPU
		{D908805E-8360-431A-8F61-9B54B599B1D1}.Release|Any CPU.ActiveCfg = Release|Any CPU
		{D908805E-8360-431A-8F61-9B54B599B1D1}.Release|Any CPU.Build.0 = Release|Any CPU
		{D908805E-8360-431A-8F61-9B54B599B1D1}.Release|x64.ActiveCfg = Release|Any CPU
		{D908805E-8360-431A-8F61-9B54B599B1D1}.Release|x64.Build.0 = Release|Any CPU
		{D908805E-8360-431A-8F61-9B54B599B1D1}.Release|x86.ActiveCfg = Release|Any CPU
		{D908805E-8360-431A-8F61-9B54B599B1D1}.Release|x86.Build.0 = Release|Any CPU
		{8D47032C-64DC-4078-B77C-25B613288009}.Debug|Any CPU.ActiveCfg = Debug|Any CPU
		{8D47032C-64DC-4078-B77C-25B613288009}.Debug|Any CPU.Build.0 = Debug|Any CPU
		{8D47032C-64DC-4078-B77C-25B613288009}.Debug|x64.ActiveCfg = Debug|Any CPU
		{8D47032C-64DC-4078-B77C-25B613288009}.Debug|x64.Build.0 = Debug|Any CPU
		{8D47032C-64DC-4078-B77C-25B613288009}.Debug|x86.ActiveCfg = Debug|Any CPU
		{8D47032C-64DC-4078-B77C-25B613288009}.Debug|x86.Build.0 = Debug|Any CPU
		{8D47032C-64DC-4078-B77C-25B613288009}.Release|Any CPU.ActiveCfg = Release|Any CPU
		{8D47032C-64DC-4078-B77C-25B613288009}.Release|Any CPU.Build.0 = Release|Any CPU
		{8D47032C-64DC-4078-B77C-25B613288009}.Release|x64.ActiveCfg = Release|Any CPU
		{8D47032C-64DC-4078-B77C-25B613288009}.Release|x64.Build.0 = Release|Any CPU
		{8D47032C-64DC-4078-B77C-25B613288009}.Release|x86.ActiveCfg = Release|Any CPU
		{8D47032C-64DC-4078-B77C-25B613288009}.Release|x86.Build.0 = Release|Any CPU
		{F4CDA9C9-205E-40C6-B933-E9947B90AD91}.Debug|Any CPU.ActiveCfg = Debug|Any CPU
		{F4CDA9C9-205E-40C6-B933-E9947B90AD91}.Debug|Any CPU.Build.0 = Debug|Any CPU
		{F4CDA9C9-205E-40C6-B933-E9947B90AD91}.Debug|x64.ActiveCfg = Debug|Any CPU
		{F4CDA9C9-205E-40C6-B933-E9947B90AD91}.Debug|x64.Build.0 = Debug|Any CPU
		{F4CDA9C9-205E-40C6-B933-E9947B90AD91}.Debug|x86.ActiveCfg = Debug|Any CPU
		{F4CDA9C9-205E-40C6-B933-E9947B90AD91}.Debug|x86.Build.0 = Debug|Any CPU
		{F4CDA9C9-205E-40C6-B933-E9947B90AD91}.Release|Any CPU.ActiveCfg = Release|Any CPU
		{F4CDA9C9-205E-40C6-B933-E9947B90AD91}.Release|Any CPU.Build.0 = Release|Any CPU
		{F4CDA9C9-205E-40C6-B933-E9947B90AD91}.Release|x64.ActiveCfg = Release|Any CPU
		{F4CDA9C9-205E-40C6-B933-E9947B90AD91}.Release|x64.Build.0 = Release|Any CPU
		{F4CDA9C9-205E-40C6-B933-E9947B90AD91}.Release|x86.ActiveCfg = Release|Any CPU
		{F4CDA9C9-205E-40C6-B933-E9947B90AD91}.Release|x86.Build.0 = Release|Any CPU
		{4B80441D-07BD-4A58-A7C6-6E9EAF26C8CD}.Debug|Any CPU.ActiveCfg = Debug|Any CPU
		{4B80441D-07BD-4A58-A7C6-6E9EAF26C8CD}.Debug|Any CPU.Build.0 = Debug|Any CPU
		{4B80441D-07BD-4A58-A7C6-6E9EAF26C8CD}.Debug|x64.ActiveCfg = Debug|Any CPU
		{4B80441D-07BD-4A58-A7C6-6E9EAF26C8CD}.Debug|x64.Build.0 = Debug|Any CPU
		{4B80441D-07BD-4A58-A7C6-6E9EAF26C8CD}.Debug|x86.ActiveCfg = Debug|Any CPU
		{4B80441D-07BD-4A58-A7C6-6E9EAF26C8CD}.Debug|x86.Build.0 = Debug|Any CPU
		{4B80441D-07BD-4A58-A7C6-6E9EAF26C8CD}.Release|Any CPU.ActiveCfg = Release|Any CPU
		{4B80441D-07BD-4A58-A7C6-6E9EAF26C8CD}.Release|Any CPU.Build.0 = Release|Any CPU
		{4B80441D-07BD-4A58-A7C6-6E9EAF26C8CD}.Release|x64.ActiveCfg = Release|Any CPU
		{4B80441D-07BD-4A58-A7C6-6E9EAF26C8CD}.Release|x64.Build.0 = Release|Any CPU
		{4B80441D-07BD-4A58-A7C6-6E9EAF26C8CD}.Release|x86.ActiveCfg = Release|Any CPU
		{4B80441D-07BD-4A58-A7C6-6E9EAF26C8CD}.Release|x86.Build.0 = Release|Any CPU
		{34DB4831-E7C5-4F17-A474-C60991A6F405}.Debug|Any CPU.ActiveCfg = Debug|Any CPU
		{34DB4831-E7C5-4F17-A474-C60991A6F405}.Debug|Any CPU.Build.0 = Debug|Any CPU
		{34DB4831-E7C5-4F17-A474-C60991A6F405}.Debug|x64.ActiveCfg = Debug|Any CPU
		{34DB4831-E7C5-4F17-A474-C60991A6F405}.Debug|x64.Build.0 = Debug|Any CPU
		{34DB4831-E7C5-4F17-A474-C60991A6F405}.Debug|x86.ActiveCfg = Debug|Any CPU
		{34DB4831-E7C5-4F17-A474-C60991A6F405}.Debug|x86.Build.0 = Debug|Any CPU
		{34DB4831-E7C5-4F17-A474-C60991A6F405}.Release|Any CPU.ActiveCfg = Release|Any CPU
		{34DB4831-E7C5-4F17-A474-C60991A6F405}.Release|Any CPU.Build.0 = Release|Any CPU
		{34DB4831-E7C5-4F17-A474-C60991A6F405}.Release|x64.ActiveCfg = Release|Any CPU
		{34DB4831-E7C5-4F17-A474-C60991A6F405}.Release|x64.Build.0 = Release|Any CPU
		{34DB4831-E7C5-4F17-A474-C60991A6F405}.Release|x86.ActiveCfg = Release|Any CPU
		{34DB4831-E7C5-4F17-A474-C60991A6F405}.Release|x86.Build.0 = Release|Any CPU
		{4B3869B1-725B-47E4-AB1D-3486E9DEFD36}.Debug|Any CPU.ActiveCfg = Debug|Any CPU
		{4B3869B1-725B-47E4-AB1D-3486E9DEFD36}.Debug|Any CPU.Build.0 = Debug|Any CPU
		{4B3869B1-725B-47E4-AB1D-3486E9DEFD36}.Debug|x64.ActiveCfg = Debug|Any CPU
		{4B3869B1-725B-47E4-AB1D-3486E9DEFD36}.Debug|x64.Build.0 = Debug|Any CPU
		{4B3869B1-725B-47E4-AB1D-3486E9DEFD36}.Debug|x86.ActiveCfg = Debug|Any CPU
		{4B3869B1-725B-47E4-AB1D-3486E9DEFD36}.Debug|x86.Build.0 = Debug|Any CPU
		{4B3869B1-725B-47E4-AB1D-3486E9DEFD36}.Release|Any CPU.ActiveCfg = Release|Any CPU
		{4B3869B1-725B-47E4-AB1D-3486E9DEFD36}.Release|Any CPU.Build.0 = Release|Any CPU
		{4B3869B1-725B-47E4-AB1D-3486E9DEFD36}.Release|x64.ActiveCfg = Release|Any CPU
		{4B3869B1-725B-47E4-AB1D-3486E9DEFD36}.Release|x64.Build.0 = Release|Any CPU
		{4B3869B1-725B-47E4-AB1D-3486E9DEFD36}.Release|x86.ActiveCfg = Release|Any CPU
		{4B3869B1-725B-47E4-AB1D-3486E9DEFD36}.Release|x86.Build.0 = Release|Any CPU
		{DC820062-7316-4404-8E31-D51E6EC68081}.Debug|Any CPU.ActiveCfg = Debug|Any CPU
		{DC820062-7316-4404-8E31-D51E6EC68081}.Debug|Any CPU.Build.0 = Debug|Any CPU
		{DC820062-7316-4404-8E31-D51E6EC68081}.Debug|x64.ActiveCfg = Debug|Any CPU
		{DC820062-7316-4404-8E31-D51E6EC68081}.Debug|x64.Build.0 = Debug|Any CPU
		{DC820062-7316-4404-8E31-D51E6EC68081}.Debug|x86.ActiveCfg = Debug|Any CPU
		{DC820062-7316-4404-8E31-D51E6EC68081}.Debug|x86.Build.0 = Debug|Any CPU
		{DC820062-7316-4404-8E31-D51E6EC68081}.Release|Any CPU.ActiveCfg = Release|Any CPU
		{DC820062-7316-4404-8E31-D51E6EC68081}.Release|Any CPU.Build.0 = Release|Any CPU
		{DC820062-7316-4404-8E31-D51E6EC68081}.Release|x64.ActiveCfg = Release|Any CPU
		{DC820062-7316-4404-8E31-D51E6EC68081}.Release|x64.Build.0 = Release|Any CPU
		{DC820062-7316-4404-8E31-D51E6EC68081}.Release|x86.ActiveCfg = Release|Any CPU
		{DC820062-7316-4404-8E31-D51E6EC68081}.Release|x86.Build.0 = Release|Any CPU
		{AF3DD84A-1E2E-4FF1-96C1-898487F2C202}.Debug|Any CPU.ActiveCfg = Debug|Any CPU
		{AF3DD84A-1E2E-4FF1-96C1-898487F2C202}.Debug|Any CPU.Build.0 = Debug|Any CPU
		{AF3DD84A-1E2E-4FF1-96C1-898487F2C202}.Debug|x64.ActiveCfg = Debug|Any CPU
		{AF3DD84A-1E2E-4FF1-96C1-898487F2C202}.Debug|x64.Build.0 = Debug|Any CPU
		{AF3DD84A-1E2E-4FF1-96C1-898487F2C202}.Debug|x86.ActiveCfg = Debug|Any CPU
		{AF3DD84A-1E2E-4FF1-96C1-898487F2C202}.Debug|x86.Build.0 = Debug|Any CPU
		{AF3DD84A-1E2E-4FF1-96C1-898487F2C202}.Release|Any CPU.ActiveCfg = Release|Any CPU
		{AF3DD84A-1E2E-4FF1-96C1-898487F2C202}.Release|Any CPU.Build.0 = Release|Any CPU
		{AF3DD84A-1E2E-4FF1-96C1-898487F2C202}.Release|x64.ActiveCfg = Release|Any CPU
		{AF3DD84A-1E2E-4FF1-96C1-898487F2C202}.Release|x64.Build.0 = Release|Any CPU
		{AF3DD84A-1E2E-4FF1-96C1-898487F2C202}.Release|x86.ActiveCfg = Release|Any CPU
		{AF3DD84A-1E2E-4FF1-96C1-898487F2C202}.Release|x86.Build.0 = Release|Any CPU
		{5B3C6A79-A765-4C90-A656-CA69D0C2E400}.Debug|Any CPU.ActiveCfg = Debug|Any CPU
		{5B3C6A79-A765-4C90-A656-CA69D0C2E400}.Debug|Any CPU.Build.0 = Debug|Any CPU
		{5B3C6A79-A765-4C90-A656-CA69D0C2E400}.Debug|x64.ActiveCfg = Debug|Any CPU
		{5B3C6A79-A765-4C90-A656-CA69D0C2E400}.Debug|x64.Build.0 = Debug|Any CPU
		{5B3C6A79-A765-4C90-A656-CA69D0C2E400}.Debug|x86.ActiveCfg = Debug|Any CPU
		{5B3C6A79-A765-4C90-A656-CA69D0C2E400}.Debug|x86.Build.0 = Debug|Any CPU
		{5B3C6A79-A765-4C90-A656-CA69D0C2E400}.Release|Any CPU.ActiveCfg = Release|Any CPU
		{5B3C6A79-A765-4C90-A656-CA69D0C2E400}.Release|Any CPU.Build.0 = Release|Any CPU
		{5B3C6A79-A765-4C90-A656-CA69D0C2E400}.Release|x64.ActiveCfg = Release|Any CPU
		{5B3C6A79-A765-4C90-A656-CA69D0C2E400}.Release|x64.Build.0 = Release|Any CPU
		{5B3C6A79-A765-4C90-A656-CA69D0C2E400}.Release|x86.ActiveCfg = Release|Any CPU
		{5B3C6A79-A765-4C90-A656-CA69D0C2E400}.Release|x86.Build.0 = Release|Any CPU
		{EF16D6B5-289A-43E6-9DC0-80FF44A34E10}.Debug|Any CPU.ActiveCfg = Debug|Any CPU
		{EF16D6B5-289A-43E6-9DC0-80FF44A34E10}.Debug|Any CPU.Build.0 = Debug|Any CPU
		{EF16D6B5-289A-43E6-9DC0-80FF44A34E10}.Debug|x64.ActiveCfg = Debug|Any CPU
		{EF16D6B5-289A-43E6-9DC0-80FF44A34E10}.Debug|x64.Build.0 = Debug|Any CPU
		{EF16D6B5-289A-43E6-9DC0-80FF44A34E10}.Debug|x86.ActiveCfg = Debug|Any CPU
		{EF16D6B5-289A-43E6-9DC0-80FF44A34E10}.Debug|x86.Build.0 = Debug|Any CPU
		{EF16D6B5-289A-43E6-9DC0-80FF44A34E10}.Release|Any CPU.ActiveCfg = Release|Any CPU
		{EF16D6B5-289A-43E6-9DC0-80FF44A34E10}.Release|Any CPU.Build.0 = Release|Any CPU
		{EF16D6B5-289A-43E6-9DC0-80FF44A34E10}.Release|x64.ActiveCfg = Release|Any CPU
		{EF16D6B5-289A-43E6-9DC0-80FF44A34E10}.Release|x64.Build.0 = Release|Any CPU
		{EF16D6B5-289A-43E6-9DC0-80FF44A34E10}.Release|x86.ActiveCfg = Release|Any CPU
		{EF16D6B5-289A-43E6-9DC0-80FF44A34E10}.Release|x86.Build.0 = Release|Any CPU
		{090DD9CF-8BAC-48B4-8478-2B5A98ECB261}.Debug|Any CPU.ActiveCfg = Debug|Any CPU
		{090DD9CF-8BAC-48B4-8478-2B5A98ECB261}.Debug|Any CPU.Build.0 = Debug|Any CPU
		{090DD9CF-8BAC-48B4-8478-2B5A98ECB261}.Debug|x64.ActiveCfg = Debug|Any CPU
		{090DD9CF-8BAC-48B4-8478-2B5A98ECB261}.Debug|x64.Build.0 = Debug|Any CPU
		{090DD9CF-8BAC-48B4-8478-2B5A98ECB261}.Debug|x86.ActiveCfg = Debug|Any CPU
		{090DD9CF-8BAC-48B4-8478-2B5A98ECB261}.Debug|x86.Build.0 = Debug|Any CPU
		{090DD9CF-8BAC-48B4-8478-2B5A98ECB261}.Release|Any CPU.ActiveCfg = Release|Any CPU
		{090DD9CF-8BAC-48B4-8478-2B5A98ECB261}.Release|Any CPU.Build.0 = Release|Any CPU
		{090DD9CF-8BAC-48B4-8478-2B5A98ECB261}.Release|x64.ActiveCfg = Release|Any CPU
		{090DD9CF-8BAC-48B4-8478-2B5A98ECB261}.Release|x64.Build.0 = Release|Any CPU
		{090DD9CF-8BAC-48B4-8478-2B5A98ECB261}.Release|x86.ActiveCfg = Release|Any CPU
		{090DD9CF-8BAC-48B4-8478-2B5A98ECB261}.Release|x86.Build.0 = Release|Any CPU
		{FE3CF92C-352D-4D07-B38D-743338B8B3BE}.Debug|Any CPU.ActiveCfg = Debug|Any CPU
		{FE3CF92C-352D-4D07-B38D-743338B8B3BE}.Debug|Any CPU.Build.0 = Debug|Any CPU
		{FE3CF92C-352D-4D07-B38D-743338B8B3BE}.Debug|x64.ActiveCfg = Debug|Any CPU
		{FE3CF92C-352D-4D07-B38D-743338B8B3BE}.Debug|x64.Build.0 = Debug|Any CPU
		{FE3CF92C-352D-4D07-B38D-743338B8B3BE}.Debug|x86.ActiveCfg = Debug|Any CPU
		{FE3CF92C-352D-4D07-B38D-743338B8B3BE}.Debug|x86.Build.0 = Debug|Any CPU
		{FE3CF92C-352D-4D07-B38D-743338B8B3BE}.Release|Any CPU.ActiveCfg = Release|Any CPU
		{FE3CF92C-352D-4D07-B38D-743338B8B3BE}.Release|Any CPU.Build.0 = Release|Any CPU
		{FE3CF92C-352D-4D07-B38D-743338B8B3BE}.Release|x64.ActiveCfg = Release|Any CPU
		{FE3CF92C-352D-4D07-B38D-743338B8B3BE}.Release|x64.Build.0 = Release|Any CPU
		{FE3CF92C-352D-4D07-B38D-743338B8B3BE}.Release|x86.ActiveCfg = Release|Any CPU
		{FE3CF92C-352D-4D07-B38D-743338B8B3BE}.Release|x86.Build.0 = Release|Any CPU
		{694ED0B2-26C5-4B25-BF4E-7033E47805E5}.Debug|Any CPU.ActiveCfg = Debug|Any CPU
		{694ED0B2-26C5-4B25-BF4E-7033E47805E5}.Debug|Any CPU.Build.0 = Debug|Any CPU
		{694ED0B2-26C5-4B25-BF4E-7033E47805E5}.Debug|x64.ActiveCfg = Debug|Any CPU
		{694ED0B2-26C5-4B25-BF4E-7033E47805E5}.Debug|x64.Build.0 = Debug|Any CPU
		{694ED0B2-26C5-4B25-BF4E-7033E47805E5}.Debug|x86.ActiveCfg = Debug|Any CPU
		{694ED0B2-26C5-4B25-BF4E-7033E47805E5}.Debug|x86.Build.0 = Debug|Any CPU
		{694ED0B2-26C5-4B25-BF4E-7033E47805E5}.Release|Any CPU.ActiveCfg = Release|Any CPU
		{694ED0B2-26C5-4B25-BF4E-7033E47805E5}.Release|Any CPU.Build.0 = Release|Any CPU
		{694ED0B2-26C5-4B25-BF4E-7033E47805E5}.Release|x64.ActiveCfg = Release|Any CPU
		{694ED0B2-26C5-4B25-BF4E-7033E47805E5}.Release|x64.Build.0 = Release|Any CPU
		{694ED0B2-26C5-4B25-BF4E-7033E47805E5}.Release|x86.ActiveCfg = Release|Any CPU
		{694ED0B2-26C5-4B25-BF4E-7033E47805E5}.Release|x86.Build.0 = Release|Any CPU
		{C574D983-3E63-42B9-83CA-81602DD7F28B}.Debug|Any CPU.ActiveCfg = Debug|Any CPU
		{C574D983-3E63-42B9-83CA-81602DD7F28B}.Debug|Any CPU.Build.0 = Debug|Any CPU
		{C574D983-3E63-42B9-83CA-81602DD7F28B}.Debug|x64.ActiveCfg = Debug|Any CPU
		{C574D983-3E63-42B9-83CA-81602DD7F28B}.Debug|x64.Build.0 = Debug|Any CPU
		{C574D983-3E63-42B9-83CA-81602DD7F28B}.Debug|x86.ActiveCfg = Debug|Any CPU
		{C574D983-3E63-42B9-83CA-81602DD7F28B}.Debug|x86.Build.0 = Debug|Any CPU
		{C574D983-3E63-42B9-83CA-81602DD7F28B}.Release|Any CPU.ActiveCfg = Release|Any CPU
		{C574D983-3E63-42B9-83CA-81602DD7F28B}.Release|Any CPU.Build.0 = Release|Any CPU
		{C574D983-3E63-42B9-83CA-81602DD7F28B}.Release|x64.ActiveCfg = Release|Any CPU
		{C574D983-3E63-42B9-83CA-81602DD7F28B}.Release|x64.Build.0 = Release|Any CPU
		{C574D983-3E63-42B9-83CA-81602DD7F28B}.Release|x86.ActiveCfg = Release|Any CPU
		{C574D983-3E63-42B9-83CA-81602DD7F28B}.Release|x86.Build.0 = Release|Any CPU
		{0512F997-4071-42E2-9926-5D2A97C1228E}.Debug|Any CPU.ActiveCfg = Debug|Any CPU
		{0512F997-4071-42E2-9926-5D2A97C1228E}.Debug|Any CPU.Build.0 = Debug|Any CPU
		{0512F997-4071-42E2-9926-5D2A97C1228E}.Debug|x64.ActiveCfg = Debug|Any CPU
		{0512F997-4071-42E2-9926-5D2A97C1228E}.Debug|x64.Build.0 = Debug|Any CPU
		{0512F997-4071-42E2-9926-5D2A97C1228E}.Debug|x86.ActiveCfg = Debug|Any CPU
		{0512F997-4071-42E2-9926-5D2A97C1228E}.Debug|x86.Build.0 = Debug|Any CPU
		{0512F997-4071-42E2-9926-5D2A97C1228E}.Release|Any CPU.ActiveCfg = Release|Any CPU
		{0512F997-4071-42E2-9926-5D2A97C1228E}.Release|Any CPU.Build.0 = Release|Any CPU
		{0512F997-4071-42E2-9926-5D2A97C1228E}.Release|x64.ActiveCfg = Release|Any CPU
		{0512F997-4071-42E2-9926-5D2A97C1228E}.Release|x64.Build.0 = Release|Any CPU
		{0512F997-4071-42E2-9926-5D2A97C1228E}.Release|x86.ActiveCfg = Release|Any CPU
		{0512F997-4071-42E2-9926-5D2A97C1228E}.Release|x86.Build.0 = Release|Any CPU
		{724580BF-A696-4667-B087-DE4E1CF00921}.Debug|Any CPU.ActiveCfg = Debug|Any CPU
		{724580BF-A696-4667-B087-DE4E1CF00921}.Debug|Any CPU.Build.0 = Debug|Any CPU
		{724580BF-A696-4667-B087-DE4E1CF00921}.Debug|x64.ActiveCfg = Debug|Any CPU
		{724580BF-A696-4667-B087-DE4E1CF00921}.Debug|x64.Build.0 = Debug|Any CPU
		{724580BF-A696-4667-B087-DE4E1CF00921}.Debug|x86.ActiveCfg = Debug|Any CPU
		{724580BF-A696-4667-B087-DE4E1CF00921}.Debug|x86.Build.0 = Debug|Any CPU
		{724580BF-A696-4667-B087-DE4E1CF00921}.Release|Any CPU.ActiveCfg = Release|Any CPU
		{724580BF-A696-4667-B087-DE4E1CF00921}.Release|Any CPU.Build.0 = Release|Any CPU
		{724580BF-A696-4667-B087-DE4E1CF00921}.Release|x64.ActiveCfg = Release|Any CPU
		{724580BF-A696-4667-B087-DE4E1CF00921}.Release|x64.Build.0 = Release|Any CPU
		{724580BF-A696-4667-B087-DE4E1CF00921}.Release|x86.ActiveCfg = Release|Any CPU
		{724580BF-A696-4667-B087-DE4E1CF00921}.Release|x86.Build.0 = Release|Any CPU
		{4135D28A-DBBA-4FE0-9B48-03F1058FDD13}.Debug|Any CPU.ActiveCfg = Debug|Any CPU
		{4135D28A-DBBA-4FE0-9B48-03F1058FDD13}.Debug|Any CPU.Build.0 = Debug|Any CPU
		{4135D28A-DBBA-4FE0-9B48-03F1058FDD13}.Debug|x64.ActiveCfg = Debug|Any CPU
		{4135D28A-DBBA-4FE0-9B48-03F1058FDD13}.Debug|x64.Build.0 = Debug|Any CPU
		{4135D28A-DBBA-4FE0-9B48-03F1058FDD13}.Debug|x86.ActiveCfg = Debug|Any CPU
		{4135D28A-DBBA-4FE0-9B48-03F1058FDD13}.Debug|x86.Build.0 = Debug|Any CPU
		{4135D28A-DBBA-4FE0-9B48-03F1058FDD13}.Release|Any CPU.ActiveCfg = Release|Any CPU
		{4135D28A-DBBA-4FE0-9B48-03F1058FDD13}.Release|Any CPU.Build.0 = Release|Any CPU
		{4135D28A-DBBA-4FE0-9B48-03F1058FDD13}.Release|x64.ActiveCfg = Release|Any CPU
		{4135D28A-DBBA-4FE0-9B48-03F1058FDD13}.Release|x64.Build.0 = Release|Any CPU
		{4135D28A-DBBA-4FE0-9B48-03F1058FDD13}.Release|x86.ActiveCfg = Release|Any CPU
		{4135D28A-DBBA-4FE0-9B48-03F1058FDD13}.Release|x86.Build.0 = Release|Any CPU
		{75F3A761-1FCA-410D-9240-F0CF0B6E1989}.Debug|Any CPU.ActiveCfg = Debug|Any CPU
		{75F3A761-1FCA-410D-9240-F0CF0B6E1989}.Debug|Any CPU.Build.0 = Debug|Any CPU
		{75F3A761-1FCA-410D-9240-F0CF0B6E1989}.Debug|x64.ActiveCfg = Debug|Any CPU
		{75F3A761-1FCA-410D-9240-F0CF0B6E1989}.Debug|x64.Build.0 = Debug|Any CPU
		{75F3A761-1FCA-410D-9240-F0CF0B6E1989}.Debug|x86.ActiveCfg = Debug|Any CPU
		{75F3A761-1FCA-410D-9240-F0CF0B6E1989}.Debug|x86.Build.0 = Debug|Any CPU
		{75F3A761-1FCA-410D-9240-F0CF0B6E1989}.Release|Any CPU.ActiveCfg = Release|Any CPU
		{75F3A761-1FCA-410D-9240-F0CF0B6E1989}.Release|Any CPU.Build.0 = Release|Any CPU
		{75F3A761-1FCA-410D-9240-F0CF0B6E1989}.Release|x64.ActiveCfg = Release|Any CPU
		{75F3A761-1FCA-410D-9240-F0CF0B6E1989}.Release|x64.Build.0 = Release|Any CPU
		{75F3A761-1FCA-410D-9240-F0CF0B6E1989}.Release|x86.ActiveCfg = Release|Any CPU
		{75F3A761-1FCA-410D-9240-F0CF0B6E1989}.Release|x86.Build.0 = Release|Any CPU
	EndGlobalSection
	GlobalSection(SolutionProperties) = preSolution
		HideSolutionNode = FALSE
	EndGlobalSection
	GlobalSection(NestedProjects) = preSolution
		{BEBCEDF8-A0C4-45C0-B6B1-21A4E6B25E0B} = {4E90B50C-03D6-4BCF-9B87-8FC1E7EAC961}
		{3F8BE2BF-EC54-4069-8EBE-7A36906F77F8} = {4E90B50C-03D6-4BCF-9B87-8FC1E7EAC961}
		{8659E1E8-FE4A-411E-AA5C-1B8F2E7B9BE4} = {4E90B50C-03D6-4BCF-9B87-8FC1E7EAC961}
		{1F37C434-5564-4340-AB19-135C7510A010} = {4E90B50C-03D6-4BCF-9B87-8FC1E7EAC961}
		{77BA89D1-243B-4922-B4A3-FC3DCDCD0925} = {4E90B50C-03D6-4BCF-9B87-8FC1E7EAC961}
		{105B27CA-DD9A-42A4-B525-DB44B308CE55} = {4E90B50C-03D6-4BCF-9B87-8FC1E7EAC961}
		{5D272AF7-A117-4A74-A60A-621A6C379DFF} = {4E90B50C-03D6-4BCF-9B87-8FC1E7EAC961}
		{9AC27FD9-2822-4D07-999A-02690555AF11} = {4E90B50C-03D6-4BCF-9B87-8FC1E7EAC961}
		{F027E9B9-27C2-4C88-8A60-29E136813B21} = {4E90B50C-03D6-4BCF-9B87-8FC1E7EAC961}
		{9A6CCD61-7291-46C1-80B5-F7AB41C5D703} = {4E90B50C-03D6-4BCF-9B87-8FC1E7EAC961}
		{B96BFE06-62C0-4EA8-B737-C117D45EF925} = {4E90B50C-03D6-4BCF-9B87-8FC1E7EAC961}
		{A535D3FF-FB69-4DD4-8B80-72612C388FBD} = {4E90B50C-03D6-4BCF-9B87-8FC1E7EAC961}
		{08DAD60E-A3D9-40E2-A181-5065521A4892} = {4E90B50C-03D6-4BCF-9B87-8FC1E7EAC961}
		{B07D640E-2C30-41A9-9085-57BE9890CE53} = {4E90B50C-03D6-4BCF-9B87-8FC1E7EAC961}
		{78AF7E1D-8D53-48E1-B17F-81A23A942E2F} = {4E90B50C-03D6-4BCF-9B87-8FC1E7EAC961}
		{6E8370B7-424C-4535-B6E8-5936BFEE95A6} = {4E90B50C-03D6-4BCF-9B87-8FC1E7EAC961}
		{BEC506EE-BD1B-4929-B053-D7A5030B7F7D} = {4E90B50C-03D6-4BCF-9B87-8FC1E7EAC961}
		{B4A9E941-20CC-4CD7-95E0-9FB57774FAAF} = {4E90B50C-03D6-4BCF-9B87-8FC1E7EAC961}
		{CDC87083-7538-4389-B21C-E1DC8D05FF3E} = {4E90B50C-03D6-4BCF-9B87-8FC1E7EAC961}
		{0A2E2D91-95CF-4A9C-8806-7CF98373E76E} = {4E90B50C-03D6-4BCF-9B87-8FC1E7EAC961}
		{D908805E-8360-431A-8F61-9B54B599B1D1} = {4E90B50C-03D6-4BCF-9B87-8FC1E7EAC961}
		{8D47032C-64DC-4078-B77C-25B613288009} = {4E90B50C-03D6-4BCF-9B87-8FC1E7EAC961}
		{F4CDA9C9-205E-40C6-B933-E9947B90AD91} = {4E90B50C-03D6-4BCF-9B87-8FC1E7EAC961}
		{4B80441D-07BD-4A58-A7C6-6E9EAF26C8CD} = {4E90B50C-03D6-4BCF-9B87-8FC1E7EAC961}
		{34DB4831-E7C5-4F17-A474-C60991A6F405} = {4E90B50C-03D6-4BCF-9B87-8FC1E7EAC961}
		{4B3869B1-725B-47E4-AB1D-3486E9DEFD36} = {4E90B50C-03D6-4BCF-9B87-8FC1E7EAC961}
		{DC820062-7316-4404-8E31-D51E6EC68081} = {4E90B50C-03D6-4BCF-9B87-8FC1E7EAC961}
		{AF3DD84A-1E2E-4FF1-96C1-898487F2C202} = {4E90B50C-03D6-4BCF-9B87-8FC1E7EAC961}
		{5B3C6A79-A765-4C90-A656-CA69D0C2E400} = {4E90B50C-03D6-4BCF-9B87-8FC1E7EAC961}
		{EF16D6B5-289A-43E6-9DC0-80FF44A34E10} = {4E90B50C-03D6-4BCF-9B87-8FC1E7EAC961}
		{090DD9CF-8BAC-48B4-8478-2B5A98ECB261} = {4E90B50C-03D6-4BCF-9B87-8FC1E7EAC961}
		{FE3CF92C-352D-4D07-B38D-743338B8B3BE} = {4E90B50C-03D6-4BCF-9B87-8FC1E7EAC961}
		{694ED0B2-26C5-4B25-BF4E-7033E47805E5} = {4E90B50C-03D6-4BCF-9B87-8FC1E7EAC961}
		{C574D983-3E63-42B9-83CA-81602DD7F28B} = {4E90B50C-03D6-4BCF-9B87-8FC1E7EAC961}
		{0512F997-4071-42E2-9926-5D2A97C1228E} = {4E90B50C-03D6-4BCF-9B87-8FC1E7EAC961}
		{724580BF-A696-4667-B087-DE4E1CF00921} = {4E90B50C-03D6-4BCF-9B87-8FC1E7EAC961}
		{4135D28A-DBBA-4FE0-9B48-03F1058FDD13} = {4E90B50C-03D6-4BCF-9B87-8FC1E7EAC961}
		{75F3A761-1FCA-410D-9240-F0CF0B6E1989} = {4E90B50C-03D6-4BCF-9B87-8FC1E7EAC961}
	EndGlobalSection
	GlobalSection(ExtensibilityGlobals) = postSolution
		SolutionGuid = {231DF32A-7A5E-4A3C-B277-2247530B850B}
	EndGlobalSection
EndGlobal
